
Microsoft Visual Studio Solution File, Format Version 12.00
# Visual Studio 15
Project("{FAE04EC0-301F-11D3-BF4B-00C04F79EFBC}") = "Unity.Timeline", "Unity.Timeline.csproj", "{CB2228E1-5DFC-49CE-6E5E-0C6E807705C4}"
EndProject
Project("{FAE04EC0-301F-11D3-BF4B-00C04F79EFBC}") = "Unity.ShaderGraph.Editor", "Unity.ShaderGraph.Editor.csproj", "{D0202B67-78D7-E375-EDC1-A4CE755714A5}"
EndProject
Project("{FAE04EC0-301F-11D3-BF4B-00C04F79EFBC}") = "Assembly-CSharp", "Assembly-CSharp.csproj", "{957320E5-6A07-F673-59A3-08F6C76DC006}"
EndProject
Project("{FAE04EC0-301F-11D3-BF4B-00C04F79EFBC}") = "Unity.2D.Aseprite.Editor", "Unity.2D.Aseprite.Editor.csproj", "{19FD66F8-49E6-442A-7CE2-EE779E9AEE42}"
EndProject
Project("{FAE04EC0-301F-11D3-BF4B-00C04F79EFBC}") = "Unity.Services.Core.Internal", "Unity.Services.Core.Internal.csproj", "{96613DA9-AF02-189A-6FD1-56621AE91908}"
EndProject
Project("{FAE04EC0-301F-11D3-BF4B-00C04F79EFBC}") = "Unity.RenderPipelines.Universal.Runtime", "Unity.RenderPipelines.Universal.Runtime.csproj", "{9D1339A0-1917-D8C5-D5C9-0A8D457F0D85}"
EndProject
Project("{FAE04EC0-301F-11D3-BF4B-00C04F79EFBC}") = "UnityEditor.UI", "UnityEditor.UI.csproj", "{CED006BD-EADD-7EAB-F3BA-A3A7AF77FC96}"
EndProject
Project("{FAE04EC0-301F-11D3-BF4B-00C04F79EFBC}") = "Unity.Timeline.Editor", "Unity.Timeline.Editor.csproj", "{52F3E9D4-163B-152B-F15C-74F86BF9FF32}"
EndProject
Project("{FAE04EC0-301F-11D3-BF4B-00C04F79EFBC}") = "Unity.PlasticSCM.Editor", "Unity.PlasticSCM.Editor.csproj", "{B77E6661-F81C-D629-4DAE-D7E177C34806}"
EndProject
Project("{FAE04EC0-301F-11D3-BF4B-00C04F79EFBC}") = "Unity.RenderPipelines.Core.Runtime", "Unity.RenderPipelines.Core.Runtime.csproj", "{718BE5DF-D9E2-2860-BA9D-50CDCF6C7E1B}"
EndProject
Project("{FAE04EC0-301F-11D3-BF4B-00C04F79EFBC}") = "Assembly-CSharp-Editor", "Assembly-CSharp-Editor.csproj", "{E7848528-2A49-C2F8-71DF-7ABEB99F9884}"
EndProject
Project("{FAE04EC0-301F-11D3-BF4B-00C04F79EFBC}") = "UniRx", "UniRx.csproj", "{50397ABE-AF88-D4E6-5FB3-F4405FC8135A}"
EndProject
Project("{FAE04EC0-301F-11D3-BF4B-00C04F79EFBC}") = "MoreMountains.NiceVibrations.Demos", "MoreMountains.NiceVibrations.Demos.csproj", "{91B6D52F-C59B-8152-8BA0-2A8CE8FD8518}"
EndProject
Project("{FAE04EC0-301F-11D3-BF4B-00C04F79EFBC}") = "Unity.Mathematics", "Unity.Mathematics.csproj", "{238D7F77-5C26-484B-E434-6B9556729585}"
EndProject
Project("{FAE04EC0-301F-11D3-BF4B-00C04F79EFBC}") = "Unity.RenderPipelines.Core.Editor", "Unity.RenderPipelines.Core.Editor.csproj", "{1343B5DE-3FF8-F177-A997-961AB18BFDD0}"
EndProject
Project("{FAE04EC0-301F-11D3-BF4B-00C04F79EFBC}") = "UnityEditor.Purchasing", "UnityEditor.Purchasing.csproj", "{6059662D-A951-F8D3-3E08-A751DBF70DD7}"
EndProject
Project("{FAE04EC0-301F-11D3-BF4B-00C04F79EFBC}") = "Unity.2D.Common.Path.Editor", "Unity.2D.Common.Path.Editor.csproj", "{27337D04-8A98-5996-2108-F9BC01AC6BD2}"
EndProject
Project("{FAE04EC0-301F-11D3-BF4B-00C04F79EFBC}") = "Unity.2D.Psdimporter.Editor", "Unity.2D.Psdimporter.Editor.csproj", "{580365AB-F0C0-E5DA-1482-825DDCAF388C}"
EndProject
Project("{FAE04EC0-301F-11D3-BF4B-00C04F79EFBC}") = "UnityEngine.Purchasing.Stores", "UnityEngine.Purchasing.Stores.csproj", "{6A093278-E2DF-18DD-D999-27D312DCEC99}"
EndProject
Project("{FAE04EC0-301F-11D3-BF4B-00C04F79EFBC}") = "Unity.2D.IK.Runtime", "Unity.2D.IK.Runtime.csproj", "{2E91D04B-D5DF-ED88-66E3-2297A4831E6E}"
EndProject
Project("{FAE04EC0-301F-11D3-BF4B-00C04F79EFBC}") = "UnityEditor.TestRunner", "UnityEditor.TestRunner.csproj", "{545488EF-F7EF-4A5A-471E-5142655115F7}"
EndProject
Project("{FAE04EC0-301F-11D3-BF4B-00C04F79EFBC}") = "ACTk.Runtime", "ACTk.Runtime.csproj", "{5E19CDE9-F9CF-9224-C81C-C9C13C7747D2}"
EndProject
Project("{FAE04EC0-301F-11D3-BF4B-00C04F79EFBC}") = "Unity.RenderPipelines.Universal.Editor", "Unity.RenderPipelines.Universal.Editor.csproj", "{2E55B9BF-22FE-93E5-8F1E-1F2AF8778F45}"
EndProject
Project("{FAE04EC0-301F-11D3-BF4B-00C04F79EFBC}") = "MoreMountains.NiceVibrations.Haptics", "MoreMountains.NiceVibrations.Haptics.csproj", "{08BFEB3E-5637-019B-E21A-A75960481281}"
EndProject
Project("{FAE04EC0-301F-11D3-BF4B-00C04F79EFBC}") = "Unity.TextMeshPro.Editor", "Unity.TextMeshPro.Editor.csproj", "{8B3F7245-120D-EFA2-C7FC-F5F4F14D8F74}"
EndProject
Project("{FAE04EC0-301F-11D3-BF4B-00C04F79EFBC}") = "Unity.Recorder.Editor", "Unity.Recorder.Editor.csproj", "{214AD384-CCF1-3C26-8B9B-CF0A66AF5029}"
EndProject
Project("{FAE04EC0-301F-11D3-BF4B-00C04F79EFBC}") = "UnityEngine.TestRunner", "UnityEngine.TestRunner.csproj", "{05407046-2E18-7C14-D7E2-DD21FB833575}"
EndProject
Project("{FAE04EC0-301F-11D3-BF4B-00C04F79EFBC}") = "Unity.2D.Tilemap.Editor", "Unity.2D.Tilemap.Editor.csproj", "{60A241D6-93B7-6C72-F013-8CEC9A3544CF}"
EndProject
Project("{FAE04EC0-301F-11D3-BF4B-00C04F79EFBC}") = "Unity.Searcher.Editor", "Unity.Searcher.Editor.csproj", "{37D1250B-D0A3-15C9-1973-B85BE09CEAEF}"
EndProject
Project("{FAE04EC0-301F-11D3-BF4B-00C04F79EFBC}") = "Unity.Burst", "Unity.Burst.csproj", "{EF8318D3-9400-32E3-DE9F-7CD70C913A86}"
EndProject
Project("{FAE04EC0-301F-11D3-BF4B-00C04F79EFBC}") = "Unity.Services.Core.Environments.Editor", "Unity.Services.Core.Environments.Editor.csproj", "{44C38F63-B136-DE9A-2D69-CF22F62E15E6}"
EndProject
Project("{FAE04EC0-301F-11D3-BF4B-00C04F79EFBC}") = "PsdPlugin", "PsdPlugin.csproj", "{2F95BA62-4499-7D58-DB45-E6DA50848DC3}"
EndProject
Project("{FAE04EC0-301F-11D3-BF4B-00C04F79EFBC}") = "UnityEngine.Purchasing", "UnityEngine.Purchasing.csproj", "{4D247E25-ABCF-FBC2-57EC-7B9CB6EB923D}"
EndProject
Project("{FAE04EC0-301F-11D3-BF4B-00C04F79EFBC}") = "ACTk.Editor", "ACTk.Editor.csproj", "{FC5A2D63-2FDB-8574-9279-65DD3966911D}"
EndProject
Project("{FAE04EC0-301F-11D3-BF4B-00C04F79EFBC}") = "Unity.AI.Navigation.Editor", "Unity.AI.Navigation.Editor.csproj", "{DBCA13CC-67E9-48FD-5624-83CF263E1E32}"
EndProject
Project("{FAE04EC0-301F-11D3-BF4B-00C04F79EFBC}") = "Unity.Collections", "Unity.Collections.csproj", "{0ED68F15-7A08-F8F9-80E0-45EFCE2B0561}"
EndProject
Project("{FAE04EC0-301F-11D3-BF4B-00C04F79EFBC}") = "Google.Android.AppBundle.Editor", "Google.Android.AppBundle.Editor.csproj", "{7075CEB1-4BA6-20A5-B3E6-F2823EBEFCB3}"
EndProject
Project("{FAE04EC0-301F-11D3-BF4B-00C04F79EFBC}") = "spine-unity", "spine-unity.csproj", "{5ABF26E4-10FE-B912-1CA1-C5DB06BB0786}"
EndProject
Project("{FAE04EC0-301F-11D3-BF4B-00C04F79EFBC}") = "Unity.2D.Animation.Editor", "Unity.2D.Animation.Editor.csproj", "{F7CCBBA8-7596-9A7F-EBF6-6D07E924DB03}"
EndProject
Project("{FAE04EC0-301F-11D3-BF4B-00C04F79EFBC}") = "Unity.2D.SpriteShape.Editor", "Unity.2D.SpriteShape.Editor.csproj", "{F742344A-51F2-3FAB-B652-9D2F50DD6313}"
EndProject
Project("{FAE04EC0-301F-11D3-BF4B-00C04F79EFBC}") = "Unity.VisualStudio.Editor", "Unity.VisualStudio.Editor.csproj", "{C226CA02-93CC-7607-1F00-DC690CE9D5D9}"
EndProject
Project("{FAE04EC0-301F-11D3-BF4B-00C04F79EFBC}") = "PPv2URPConverters", "PPv2URPConverters.csproj", "{FB6F2C52-44EF-7DBE-FD6E-0A8C389381C8}"
EndProject
Project("{FAE04EC0-301F-11D3-BF4B-00C04F79EFBC}") = "IAPResolver", "IAPResolver.csproj", "{5AF86544-346E-08F2-B27B-4745EF8E872B}"
EndProject
Project("{FAE04EC0-301F-11D3-BF4B-00C04F79EFBC}") = "Unity.Rider.Editor", "Unity.Rider.Editor.csproj", "{0A661A33-1186-59A5-EE23-0171E3D25F1D}"
EndProject
Project("{FAE04EC0-301F-11D3-BF4B-00C04F79EFBC}") = "Unity.InternalAPIEditorBridge.001", "Unity.InternalAPIEditorBridge.001.csproj", "{052E02C8-7F1B-5A22-DBAC-1C1FAFA06D58}"
EndProject
Project("{FAE04EC0-301F-11D3-BF4B-00C04F79EFBC}") = "spine-unity-editor", "spine-unity-editor.csproj", "{C4C3269A-E8E5-E780-6693-C3DFD7760C18}"
EndProject
Project("{FAE04EC0-301F-11D3-BF4B-00C04F79EFBC}") = "Unity.2D.SpriteShape.Runtime", "Unity.2D.SpriteShape.Runtime.csproj", "{9AA70FCF-EE93-1F8C-39D7-AFC7C9928E58}"
EndProject
Project("{FAE04EC0-301F-11D3-BF4B-00C04F79EFBC}") = "Unity.Services.Core.Configuration", "Unity.Services.Core.Configuration.csproj", "{7A1CE86C-9A92-D04F-7B40-04CE6B17C647}"
EndProject
Project("{FAE04EC0-301F-11D3-BF4B-00C04F79EFBC}") = "Unity.AI.Navigation.Editor.ConversionSystem", "Unity.AI.Navigation.Editor.ConversionSystem.csproj", "{47F955E2-3682-B83D-CF25-9B6B80C04407}"
EndProject
Project("{FAE04EC0-301F-11D3-BF4B-00C04F79EFBC}") = "UnityEngine.UI", "UnityEngine.UI.csproj", "{05201F22-8E40-DF06-8BCB-A0146B9E18D3}"
EndProject
Project("{FAE04EC0-301F-11D3-BF4B-00C04F79EFBC}") = "ACTk.Examples.Genuine.Runtime", "ACTk.Examples.Genuine.Runtime.csproj", "{488E9577-2672-2C81-7598-09AD8EE85312}"
EndProject
Project("{FAE04EC0-301F-11D3-BF4B-00C04F79EFBC}") = "Unity.Services.Core.Editor", "Unity.Services.Core.Editor.csproj", "{64C8F04F-4408-B9D1-36C2-0539ABB3BD76}"
EndProject
Project("{FAE04EC0-301F-11D3-BF4B-00C04F79EFBC}") = "Unity.Burst.CodeGen", "Unity.Burst.CodeGen.csproj", "{92D2B603-3001-9BF3-DB1C-1BF43F5E609F}"
EndProject
Project("{FAE04EC0-301F-11D3-BF4B-00C04F79EFBC}") = "Unity.Services.Core.Configuration.Editor", "Unity.Services.Core.Configuration.Editor.csproj", "{86D15BBA-FCA1-F6E3-FBAA-9489514205D5}"
EndProject
Project("{FAE04EC0-301F-11D3-BF4B-00C04F79EFBC}") = "Unity.RenderPipeline.Universal.ShaderLibrary", "Unity.RenderPipeline.Universal.ShaderLibrary.csproj", "{07950D37-FD63-17B8-5AB6-5032BEB370CD}"
EndProject
Project("{FAE04EC0-301F-11D3-BF4B-00C04F79EFBC}") = "Unity.Services.Core", "Unity.Services.Core.csproj", "{AAA33F95-88BD-AF4C-4C74-629007CCE040}"
EndProject
Project("{FAE04EC0-301F-11D3-BF4B-00C04F79EFBC}") = "Unity.AI.Navigation", "Unity.AI.Navigation.csproj", "{F01917D3-0BC4-4E60-CF87-F55B12FC6EBC}"
EndProject
Project("{FAE04EC0-301F-11D3-BF4B-00C04F79EFBC}") = "AppsFlyer", "AppsFlyer.csproj", "{70F5EB8C-E542-83AF-63AA-3A4052F16C64}"
EndProject
Project("{FAE04EC0-301F-11D3-BF4B-00C04F79EFBC}") = "Unity.TextMeshPro", "Unity.TextMeshPro.csproj", "{F9CD37B2-EFBD-9F69-5E6A-278996E5A40F}"
EndProject
Project("{FAE04EC0-301F-11D3-BF4B-00C04F79EFBC}") = "Unity.2D.Tilemap.Extras.Editor", "Unity.2D.Tilemap.Extras.Editor.csproj", "{B9D6956A-C2B3-C83B-6AC4-1979A00D00C7}"
EndProject
Project("{FAE04EC0-301F-11D3-BF4B-00C04F79EFBC}") = "ACTk.Examples.Runtime", "ACTk.Examples.Runtime.csproj", "{F521F7C9-8316-EF2A-8514-BE52F8D0AB78}"
EndProject
Project("{FAE04EC0-301F-11D3-BF4B-00C04F79EFBC}") = "Unity.2D.Animation.Runtime", "Unity.2D.Animation.Runtime.csproj", "{B8F0BF5D-3159-ED77-6186-82553DF9D295}"
EndProject
Project("{FAE04EC0-301F-11D3-BF4B-00C04F79EFBC}") = "Unity.VSCode.Editor", "Unity.VSCode.Editor.csproj", "{A45F4709-42F9-74E5-E7F3-3418673D9A4D}"
EndProject
Project("{FAE04EC0-301F-11D3-BF4B-00C04F79EFBC}") = "Unity.2D.IK.Editor", "Unity.2D.IK.Editor.csproj", "{32E816F1-A109-9DC3-41DF-D230EC17893E}"
EndProject
Project("{FAE04EC0-301F-11D3-BF4B-00C04F79EFBC}") = "Unity.InternalAPIEngineBridge.001", "Unity.InternalAPIEngineBridge.001.csproj", "{23138386-4DE1-EEE3-E809-2123C10BB01E}"
EndProject
Project("{FAE04EC0-301F-11D3-BF4B-00C04F79EFBC}") = "Unity.2D.Aseprite.Common", "Unity.2D.Aseprite.Common.csproj", "{EEF551B5-5AF1-AB3F-3646-EFAC293FF2F2}"
EndProject
Project("{FAE04EC0-301F-11D3-BF4B-00C04F79EFBC}") = "Unity.Burst.Editor", "Unity.Burst.Editor.csproj", "{13301C91-CFC0-3E69-D63D-0C61E2B416C9}"
EndProject
Project("{FAE04EC0-301F-11D3-BF4B-00C04F79EFBC}") = "Coffee.UIParticle.Editor", "Coffee.UIParticle.Editor.csproj", "{D3699252-5D4A-2C08-8A54-331A057038FF}"
EndProject
Project("{FAE04EC0-301F-11D3-BF4B-00C04F79EFBC}") = "Unity.2D.Common.Editor", "Unity.2D.Common.Editor.csproj", "{8B3BBFF2-5BD0-98CA-43A5-17D16CBBEA34}"
EndProject
Project("{FAE04EC0-301F-11D3-BF4B-00C04F79EFBC}") = "Google.Play.Common", "Google.Play.Common.csproj", "{11CA1D4E-DD7A-0F63-0406-EB79AEADC998}"
EndProject
Project("{FAE04EC0-301F-11D3-BF4B-00C04F79EFBC}") = "UnityEngine.Purchasing.AppleMacosStub", "UnityEngine.Purchasing.AppleMacosStub.csproj", "{65F56879-3C92-7AF8-2FBD-230E7BE08D1F}"
EndProject
Project("{FAE04EC0-301F-11D3-BF4B-00C04F79EFBC}") = "Unity.AI.Navigation.Updater", "Unity.AI.Navigation.Updater.csproj", "{D3705BB0-CC14-85C1-1FFE-563A7D7F3C30}"
EndProject
Project("{FAE04EC0-301F-11D3-BF4B-00C04F79EFBC}") = "UnityEngine.Purchasing.Codeless", "UnityEngine.Purchasing.Codeless.csproj", "{A8A4DEC0-9588-3B31-18F4-117D697BEA84}"
EndProject
Project("{FAE04EC0-301F-11D3-BF4B-00C04F79EFBC}") = "ACTk.Examples.Genuine.Editor", "ACTk.Examples.Genuine.Editor.csproj", "{22970057-2E07-85A7-0225-4D178F58AC4D}"
EndProject
Project("{FAE04EC0-301F-11D3-BF4B-00C04F79EFBC}") = "Unity.2D.PixelPerfect", "Unity.2D.PixelPerfect.csproj", "{D7E368EE-9E68-AEEA-1FEC-D3C0A6CAE6BE}"
EndProject
Project("{FAE04EC0-301F-11D3-BF4B-00C04F79EFBC}") = "MoreMountains.NiceVibrations.Editor", "MoreMountains.NiceVibrations.Editor.csproj", "{E4E409D0-0359-61BA-3410-0A59F954FEFE}"
EndProject
Project("{FAE04EC0-301F-11D3-BF4B-00C04F79EFBC}") = "Unity.2D.PixelPerfect.Editor", "Unity.2D.PixelPerfect.Editor.csproj", "{D6006CDA-5BBA-D17A-2B92-16E686731E80}"
EndProject
Project("{FAE04EC0-301F-11D3-BF4B-00C04F79EFBC}") = "Unity.2D.Sprite.Editor", "Unity.2D.Sprite.Editor.csproj", "{9BDA131A-848B-7066-B79E-CEDD8D62AD49}"
EndProject
Project("{FAE04EC0-301F-11D3-BF4B-00C04F79EFBC}") = "Unity.2D.Common.Runtime", "Unity.2D.Common.Runtime.csproj", "{0A5F75F5-07CC-A593-7145-7FE5F072B879}"
EndProject
Project("{FAE04EC0-301F-11D3-BF4B-00C04F79EFBC}") = "Unity.Recorder", "Unity.Recorder.csproj", "{6C55427B-7C07-04FA-9F2A-9969E3B44295}"
EndProject
Project("{FAE04EC0-301F-11D3-BF4B-00C04F79EFBC}") = "UnityEngine.Purchasing.WinRTStub", "UnityEngine.Purchasing.WinRTStub.csproj", "{36E27BEA-1CD5-A213-E631-C9027C838AF6}"
EndProject
Project("{FAE04EC0-301F-11D3-BF4B-00C04F79EFBC}") = "Unity.Services.Core.Analytics", "Unity.Services.Core.Analytics.csproj", "{E4573834-3184-83D0-908F-835B13AD6E6B}"
EndProject
Project("{FAE04EC0-301F-11D3-BF4B-00C04F79EFBC}") = "Google.Play.Core", "Google.Play.Core.csproj", "{2004ED8E-AC5C-1502-BC17-A21ECC507CF6}"
EndProject
Project("{FAE04EC0-301F-11D3-BF4B-00C04F79EFBC}") = "Coffee.UIParticle", "Coffee.UIParticle.csproj", "{DF60B3C7-F828-7450-B950-32DC6C01847C}"
EndProject
Project("{FAE04EC0-301F-11D3-BF4B-00C04F79EFBC}") = "GoogleMobileAds.Editor", "GoogleMobileAds.Editor.csproj", "{0929F54D-E53B-ACC5-C5E0-D0AFECA72672}"
EndProject
Project("{FAE04EC0-301F-11D3-BF4B-00C04F79EFBC}") = "Unity.Services.Core.Environments.Internal", "Unity.Services.Core.Environments.Internal.csproj", "{3E4A4395-1DCD-D548-2003-BF5B44678FB1}"
EndProject
Project("{FAE04EC0-301F-11D3-BF4B-00C04F79EFBC}") = "UniRx.Examples", "UniRx.Examples.csproj", "{001A1688-D78B-D243-3D30-481363D80F35}"
EndProject
Project("{FAE04EC0-301F-11D3-BF4B-00C04F79EFBC}") = "Unity.Services.Core.Networking", "Unity.Services.Core.Networking.csproj", "{37A78801-9248-CD8A-4D18-A3618A6077CD}"
EndProject
Project("{FAE04EC0-301F-11D3-BF4B-00C04F79EFBC}") = "Unity.Services.Core.Scheduler", "Unity.Services.Core.Scheduler.csproj", "{BC786D4A-695B-B641-5A1C-A7CCE7A4C44B}"
EndProject
Project("{FAE04EC0-301F-11D3-BF4B-00C04F79EFBC}") = "UnityEngine.Purchasing.SecurityCore", "UnityEngine.Purchasing.SecurityCore.csproj", "{C391D3AC-F54E-1A88-2F9B-A7E2FCBEFBF6}"
EndProject
Project("{FAE04EC0-301F-11D3-BF4B-00C04F79EFBC}") = "Unity.Mathematics.Editor", "Unity.Mathematics.Editor.csproj", "{AE3574B9-F794-6D14-4089-B2346F67AC48}"
EndProject
Project("{FAE04EC0-301F-11D3-BF4B-00C04F79EFBC}") = "Unity.Services.Core.Telemetry", "Unity.Services.Core.Telemetry.csproj", "{C85102F5-5104-72ED-978C-58936BA3E349}"
EndProject
Project("{FAE04EC0-301F-11D3-BF4B-00C04F79EFBC}") = "Unity.2D.Tilemap.Extras", "Unity.2D.Tilemap.Extras.csproj", "{ECEDF2C4-431E-5694-9FB3-F8EC894748C9}"
EndProject
Project("{FAE04EC0-301F-11D3-BF4B-00C04F79EFBC}") = "UnityEngine.Purchasing.WinRTCore", "UnityEngine.Purchasing.WinRTCore.csproj", "{BD4E39FD-9B69-8834-CDEA-5E972BC4E404}"
EndProject
Project("{FAE04EC0-301F-11D3-BF4B-00C04F79EFBC}") = "Purchasing.Common", "Purchasing.Common.csproj", "{75184861-B20D-A2AF-AD33-162D34CD994B}"
EndProject
Project("{FAE04EC0-301F-11D3-BF4B-00C04F79EFBC}") = "Unity.Services.Core.Threading", "Unity.Services.Core.Threading.csproj", "{57BC123E-C731-C9CB-D16A-EBD0C3F84EC1}"
EndProject
Project("{FAE04EC0-301F-11D3-BF4B-00C04F79EFBC}") = "AppsFlyer.Editor", "AppsFlyer.Editor.csproj", "{3AAA55B3-BD1F-C3BC-E8CA-CCF7D5EC0B96}"
EndProject
Project("{FAE04EC0-301F-11D3-BF4B-00C04F79EFBC}") = "Unity.Services.Core.Device", "Unity.Services.Core.Device.csproj", "{7E3A0967-EEE6-FD0D-B2B6-064DAF22C9D7}"
EndProject
Project("{FAE04EC0-301F-11D3-BF4B-00C04F79EFBC}") = "Unity.InternalAPIEditorBridge.005", "Unity.InternalAPIEditorBridge.005.csproj", "{36166F7A-7859-CC5F-313B-B02EB6A22C71}"
EndProject
Project("{FAE04EC0-301F-11D3-BF4B-00C04F79EFBC}") = "Unity.ShaderGraph.Utilities", "Unity.ShaderGraph.Utilities.csproj", "{AAE410DB-F70A-DA6E-3141-EB6AC96B7D17}"
EndProject
Project("{FAE04EC0-301F-11D3-BF4B-00C04F79EFBC}") = "UnityEngine.Purchasing.AppleCore", "UnityEngine.Purchasing.AppleCore.csproj", "{82FAC1D9-ED3B-BACF-04C0-906527003403}"
EndProject
Project("{FAE04EC0-301F-11D3-BF4B-00C04F79EFBC}") = "Unity.Recorder.Base", "Unity.Recorder.Base.csproj", "{832821F6-CF10-6BEE-EE08-8C1CE0739494}"
EndProject
Project("{FAE04EC0-301F-11D3-BF4B-00C04F79EFBC}") = "Google.Play.Review", "Google.Play.Review.csproj", "{060A7B82-C961-CC5B-589D-EBA59AFF4A7D}"
EndProject
Project("{FAE04EC0-301F-11D3-BF4B-00C04F79EFBC}") = "MoreMountains.NiceVibrations", "MoreMountains.NiceVibrations.csproj", "{395A8662-F05B-0A79-3B7F-3350BDC40476}"
EndProject
Project("{FAE04EC0-301F-11D3-BF4B-00C04F79EFBC}") = "UnityEngine.Purchasing.AppleStub", "UnityEngine.Purchasing.AppleStub.csproj", "{DEAD5213-6CE6-6DA7-9E7E-C9A0332F301B}"
EndProject
Project("{FAE04EC0-301F-11D3-BF4B-00C04F79EFBC}") = "Unity.Collections.DocCodeSamples", "Unity.Collections.DocCodeSamples.csproj", "{6D5041D8-542E-2BF2-5016-BD9FF053AF0B}"
EndProject
Project("{FAE04EC0-301F-11D3-BF4B-00C04F79EFBC}") = "UnityEngine.Purchasing.SecurityStub", "UnityEngine.Purchasing.SecurityStub.csproj", "{FA551B6C-0A2F-DAD0-1272-7E87691EA41E}"
EndProject
Project("{FAE04EC0-301F-11D3-BF4B-00C04F79EFBC}") = "Unity.Services.Core.Registration", "Unity.Services.Core.Registration.csproj", "{B7201F21-B615-7156-3FFF-1F39621A36E8}"
EndProject
Project("{FAE04EC0-301F-11D3-BF4B-00C04F79EFBC}") = "Unity.Services.Core.Environments", "Unity.Services.Core.Environments.csproj", "{D70F355F-A37E-BC15-6908-0F892F37A6C0}"
EndProject
Project("{FAE04EC0-301F-11D3-BF4B-00C04F79EFBC}") = "Sirenix.OdinInspector.Modules.UnityMathematics", "Sirenix.OdinInspector.Modules.UnityMathematics.csproj", "{34719E09-DAD8-A054-4107-B7816C484B79}"
EndProject
Project("{FAE04EC0-301F-11D3-BF4B-00C04F79EFBC}") = "Unity.Collections.BurstCompatibilityGen", "Unity.Collections.BurstCompatibilityGen.csproj", "{0C9F5C2F-1C17-74E4-0D3A-01B9987B882A}"
EndProject
Project("{FAE04EC0-301F-11D3-BF4B-00C04F79EFBC}") = "Unity.RenderPipelines.Universal.Config.Runtime", "Unity.RenderPipelines.Universal.Config.Runtime.csproj", "{9CBFE095-DE39-8B41-6217-58AD008A765C}"
EndProject
Project("{FAE04EC0-301F-11D3-BF4B-00C04F79EFBC}") = "Unity.CollabProxy.Editor", "Unity.CollabProxy.Editor.csproj", "{0C824FF5-1544-271B-4B46-93920DD6889F}"
EndProject
Project("{FAE04EC0-301F-11D3-BF4B-00C04F79EFBC}") = "Unity.RenderPipelines.ShaderGraph.ShaderGraphLibrary", "Unity.RenderPipelines.ShaderGraph.ShaderGraphLibrary.csproj", "{F36D8D29-5A2D-C771-9A4E-ECADE111CBEF}"
EndProject
Project("{FAE04EC0-301F-11D3-BF4B-00C04F79EFBC}") = "Unity.RenderPipelines.Core.ShaderLibrary", "Unity.RenderPipelines.Core.ShaderLibrary.csproj", "{95E9DDC3-5DC5-FF45-AAD7-D532B1BC304C}"
EndProject
Project("{FAE04EC0-301F-11D3-BF4B-00C04F79EFBC}") = "Unity.RenderPipelines.Universal.Shaders", "Unity.RenderPipelines.Universal.Shaders.csproj", "{C9C566C7-018F-C829-12D1-FF28BFF97930}"
EndProject
Project("{FAE04EC0-301F-11D3-BF4B-00C04F79EFBC}") = "Unity.Timeline", "Unity.Timeline.Player.csproj", "{84E88BF4-4813-0A1F-2205-6BBC972233E4}"
EndProject
Project("{FAE04EC0-301F-11D3-BF4B-00C04F79EFBC}") = "Assembly-CSharp", "Assembly-CSharp.Player.csproj", "{BB93E826-0F6A-045B-EDF7-0CABF681B0CA}"
EndProject
Project("{FAE04EC0-301F-11D3-BF4B-00C04F79EFBC}") = "Unity.Services.Core.Internal", "Unity.Services.Core.Internal.Player.csproj", "{9E847D24-F169-6A57-A348-E56B8CBE32FD}"
EndProject
Project("{FAE04EC0-301F-11D3-BF4B-00C04F79EFBC}") = "Unity.RenderPipelines.Universal.Runtime", "Unity.RenderPipelines.Universal.Runtime.Player.csproj", "{2F217E51-115D-5232-3E8B-078DD5451416}"
EndProject
Project("{FAE04EC0-301F-11D3-BF4B-00C04F79EFBC}") = "Unity.RenderPipelines.Core.Runtime", "Unity.RenderPipelines.Core.Runtime.Player.csproj", "{504AC807-F2C1-C7D3-7F14-A35125C89720}"
EndProject
Project("{FAE04EC0-301F-11D3-BF4B-00C04F79EFBC}") = "UniRx", "UniRx.Player.csproj", "{3E9E3DB5-4290-D6D4-0BDC-C572CBBA276F}"
EndProject
Project("{FAE04EC0-301F-11D3-BF4B-00C04F79EFBC}") = "MoreMountains.NiceVibrations.Demos", "MoreMountains.NiceVibrations.Demos.Player.csproj", "{C0DC79A2-93CE-6C19-CB3F-1172336FCD95}"
EndProject
Project("{FAE04EC0-301F-11D3-BF4B-00C04F79EFBC}") = "Unity.Mathematics", "Unity.Mathematics.Player.csproj", "{A47A3694-CE98-AAE2-A891-BE3F3760C1E5}"
EndProject
Project("{FAE04EC0-301F-11D3-BF4B-00C04F79EFBC}") = "UnityEngine.Purchasing.Stores", "UnityEngine.Purchasing.Stores.Player.csproj", "{D044471F-40A1-38AA-6861-761E352CBB88}"
EndProject
Project("{FAE04EC0-301F-11D3-BF4B-00C04F79EFBC}") = "Unity.2D.IK.Runtime", "Unity.2D.IK.Runtime.Player.csproj", "{D82779B9-3FDB-A66B-C1F7-604939072049}"
EndProject
Project("{FAE04EC0-301F-11D3-BF4B-00C04F79EFBC}") = "ACTk.Runtime", "ACTk.Runtime.Player.csproj", "{2A89D6C9-0262-B811-CFBE-788844F15699}"
EndProject
Project("{FAE04EC0-301F-11D3-BF4B-00C04F79EFBC}") = "MoreMountains.NiceVibrations.Haptics", "MoreMountains.NiceVibrations.Haptics.Player.csproj", "{EC5B8831-3C46-E16A-863B-66256B941C41}"
EndProject
Project("{FAE04EC0-301F-11D3-BF4B-00C04F79EFBC}") = "UnityEngine.TestRunner", "UnityEngine.TestRunner.Player.csproj", "{87EB22F5-699A-53A1-3850-DC008162317B}"
EndProject
Project("{FAE04EC0-301F-11D3-BF4B-00C04F79EFBC}") = "Unity.Burst", "Unity.Burst.Player.csproj", "{D2BA8C81-8C8D-F5F6-70D1-29DD1FCC0E3F}"
EndProject
Project("{FAE04EC0-301F-11D3-BF4B-00C04F79EFBC}") = "UnityEngine.Purchasing", "UnityEngine.Purchasing.Player.csproj", "{E2790696-9F7E-8902-E7BE-9A0762D6C057}"
EndProject
Project("{FAE04EC0-301F-11D3-BF4B-00C04F79EFBC}") = "Unity.Collections", "Unity.Collections.Player.csproj", "{16450357-93B2-CF92-927F-320CD6A6531E}"
EndProject
Project("{FAE04EC0-301F-11D3-BF4B-00C04F79EFBC}") = "spine-unity", "spine-unity.Player.csproj", "{1CEACCEE-5BE4-A1FB-98AD-72AEB0BC743F}"
EndProject
Project("{FAE04EC0-301F-11D3-BF4B-00C04F79EFBC}") = "Unity.2D.SpriteShape.Runtime", "Unity.2D.SpriteShape.Runtime.Player.csproj", "{2D41B3E3-0662-3B0B-94D2-BA269BB92502}"
EndProject
Project("{FAE04EC0-301F-11D3-BF4B-00C04F79EFBC}") = "Unity.Services.Core.Configuration", "Unity.Services.Core.Configuration.Player.csproj", "{1DF8A5F5-A6AF-E6AE-236B-8D8461A5E0A8}"
EndProject
Project("{FAE04EC0-301F-11D3-BF4B-00C04F79EFBC}") = "UnityEngine.UI", "UnityEngine.UI.Player.csproj", "{14ACAC8A-4E92-26C5-CCE7-1AD45025A848}"
EndProject
Project("{FAE04EC0-301F-11D3-BF4B-00C04F79EFBC}") = "ACTk.Examples.Genuine.Runtime", "ACTk.Examples.Genuine.Runtime.Player.csproj", "{2E5A6BD3-A74E-67B6-11E3-7A5B5F1BFCED}"
EndProject
Project("{FAE04EC0-301F-11D3-BF4B-00C04F79EFBC}") = "Unity.RenderPipeline.Universal.ShaderLibrary", "Unity.RenderPipeline.Universal.ShaderLibrary.Player.csproj", "{5FFC18EA-80F7-870F-70A9-5272398E0871}"
EndProject
Project("{FAE04EC0-301F-11D3-BF4B-00C04F79EFBC}") = "Unity.Services.Core", "Unity.Services.Core.Player.csproj", "{06DF87B2-2714-E282-B0A9-0CBAFAF6305E}"
EndProject
Project("{FAE04EC0-301F-11D3-BF4B-00C04F79EFBC}") = "Unity.AI.Navigation", "Unity.AI.Navigation.Player.csproj", "{C684F4E1-A9AF-A230-143B-E476595C74DD}"
EndProject
Project("{FAE04EC0-301F-11D3-BF4B-00C04F79EFBC}") = "UnityEngine.Purchasing.Security", "UnityEngine.Purchasing.Security.Player.csproj", "{8FCD2D86-3C26-871D-A1B6-C1228C56DCC2}"
EndProject
Project("{FAE04EC0-301F-11D3-BF4B-00C04F79EFBC}") = "AppsFlyer", "AppsFlyer.Player.csproj", "{186A1BD5-1F37-D2A6-5EA1-08544C74D568}"
EndProject
Project("{FAE04EC0-301F-11D3-BF4B-00C04F79EFBC}") = "Unity.TextMeshPro", "Unity.TextMeshPro.Player.csproj", "{9A877F26-917F-21E7-A306-B243AD420CD4}"
EndProject
Project("{FAE04EC0-301F-11D3-BF4B-00C04F79EFBC}") = "ACTk.Examples.Runtime", "ACTk.Examples.Runtime.Player.csproj", "{4EC8C65B-6524-A149-5DB4-44B48A920BC1}"
EndProject
Project("{FAE04EC0-301F-11D3-BF4B-00C04F79EFBC}") = "Unity.2D.Animation.Runtime", "Unity.2D.Animation.Runtime.Player.csproj", "{45AE07FB-C141-7853-8911-17C75E25086D}"
EndProject
Project("{FAE04EC0-301F-11D3-BF4B-00C04F79EFBC}") = "Unity.InternalAPIEngineBridge.001", "Unity.InternalAPIEngineBridge.001.Player.csproj", "{922E097C-A4F1-AA5F-2FE5-7FDE7F600654}"
EndProject
Project("{FAE04EC0-301F-11D3-BF4B-00C04F79EFBC}") = "Google.Play.Common", "Google.Play.Common.Player.csproj", "{98991635-A09E-FCDB-3CFE-4E902897C5F0}"
EndProject
Project("{FAE04EC0-301F-11D3-BF4B-00C04F79EFBC}") = "UnityEngine.Purchasing.AppleMacosStub", "UnityEngine.Purchasing.AppleMacosStub.Player.csproj", "{7DF34933-65B5-C05D-6F1B-D49C8F101D1D}"
EndProject
Project("{FAE04EC0-301F-11D3-BF4B-00C04F79EFBC}") = "UnityEngine.Purchasing.Codeless", "UnityEngine.Purchasing.Codeless.Player.csproj", "{60D899C0-C64C-439D-068A-3FD2A8D7C20B}"
EndProject
Project("{FAE04EC0-301F-11D3-BF4B-00C04F79EFBC}") = "Unity.2D.PixelPerfect", "Unity.2D.PixelPerfect.Player.csproj", "{D05416CC-72CF-A7DF-64A9-DB8AC607A789}"
EndProject
Project("{FAE04EC0-301F-11D3-BF4B-00C04F79EFBC}") = "Unity.2D.Common.Runtime", "Unity.2D.Common.Runtime.Player.csproj", "{8D2A3624-9559-2DAD-674C-227470DA75B0}"
EndProject
Project("{FAE04EC0-301F-11D3-BF4B-00C04F79EFBC}") = "Unity.Recorder", "Unity.Recorder.Player.csproj", "{49C65BC9-3FAE-989D-6088-32A3916DBBFA}"
EndProject
Project("{FAE04EC0-301F-11D3-BF4B-00C04F79EFBC}") = "UnityEngine.Purchasing.WinRTStub", "UnityEngine.Purchasing.WinRTStub.Player.csproj", "{45262E0D-70FB-65F5-67D0-053B3E566C45}"
EndProject
Project("{FAE04EC0-301F-11D3-BF4B-00C04F79EFBC}") = "Unity.Services.Core.Analytics", "Unity.Services.Core.Analytics.Player.csproj", "{5D08265E-8EBF-EA04-455A-45413F72FDB0}"
EndProject
Project("{FAE04EC0-301F-11D3-BF4B-00C04F79EFBC}") = "Google.Play.Core", "Google.Play.Core.Player.csproj", "{2E982026-385E-5671-95CD-DB83CDDFDAF2}"
EndProject
Project("{FAE04EC0-301F-11D3-BF4B-00C04F79EFBC}") = "Coffee.UIParticle", "Coffee.UIParticle.Player.csproj", "{22086604-FB09-A160-0AAF-E6D08FC631A9}"
EndProject
Project("{FAE04EC0-301F-11D3-BF4B-00C04F79EFBC}") = "Unity.Services.Core.Environments.Internal", "Unity.Services.Core.Environments.Internal.Player.csproj", "{FEE6893A-7788-A50B-9ED9-BBA72BFC66FE}"
EndProject
Project("{FAE04EC0-301F-11D3-BF4B-00C04F79EFBC}") = "UniRx.Examples", "UniRx.Examples.Player.csproj", "{D2ECE1C4-5435-AC7B-7E2F-347D57120ABF}"
EndProject
Project("{FAE04EC0-301F-11D3-BF4B-00C04F79EFBC}") = "Unity.Services.Core.Networking", "Unity.Services.Core.Networking.Player.csproj", "{FEEB0570-5D6C-CF0B-25B1-D52CCD8BD0BD}"
EndProject
Project("{FAE04EC0-301F-11D3-BF4B-00C04F79EFBC}") = "Unity.Services.Core.Scheduler", "Unity.Services.Core.Scheduler.Player.csproj", "{8CC10344-B707-FA6B-55C1-DA294C93812A}"
EndProject
Project("{FAE04EC0-301F-11D3-BF4B-00C04F79EFBC}") = "UnityEngine.Purchasing.SecurityCore", "UnityEngine.Purchasing.SecurityCore.Player.csproj", "{862B513E-9409-C3A5-0EB2-53FFFAF196F4}"
EndProject
Project("{FAE04EC0-301F-11D3-BF4B-00C04F79EFBC}") = "Unity.Services.Core.Telemetry", "Unity.Services.Core.Telemetry.Player.csproj", "{6FA2F9F7-DA82-7FD6-0EEA-4D5AE5B6EDC2}"
EndProject
Project("{FAE04EC0-301F-11D3-BF4B-00C04F79EFBC}") = "Unity.2D.Tilemap.Extras", "Unity.2D.Tilemap.Extras.Player.csproj", "{0B70E8B8-7405-6842-2A62-EF078BC14B16}"
EndProject
Project("{FAE04EC0-301F-11D3-BF4B-00C04F79EFBC}") = "UnityEngine.Purchasing.WinRTCore", "UnityEngine.Purchasing.WinRTCore.Player.csproj", "{F7ED8937-CF00-993D-50DF-73234F919DDE}"
EndProject
Project("{FAE04EC0-301F-11D3-BF4B-00C04F79EFBC}") = "Purchasing.Common", "Purchasing.Common.Player.csproj", "{570B05E6-DC9E-1A3F-D897-A1DD8842F7A5}"
EndProject
Project("{FAE04EC0-301F-11D3-BF4B-00C04F79EFBC}") = "Unity.Services.Core.Threading", "Unity.Services.Core.Threading.Player.csproj", "{CF265FA4-4DD6-E06B-9C04-8B1594053412}"
EndProject
Project("{FAE04EC0-301F-11D3-BF4B-00C04F79EFBC}") = "Unity.Services.Core.Device", "Unity.Services.Core.Device.Player.csproj", "{C454634F-93E5-BFD9-E1AA-25381784A8A8}"
EndProject
Project("{FAE04EC0-301F-11D3-BF4B-00C04F79EFBC}") = "UnityEngine.Purchasing.AppleCore", "UnityEngine.Purchasing.AppleCore.Player.csproj", "{51DD9C6A-E98C-31BC-C9A2-61294B1129B9}"
EndProject
Project("{FAE04EC0-301F-11D3-BF4B-00C04F79EFBC}") = "Unity.Recorder.Base", "Unity.Recorder.Base.Player.csproj", "{633268AD-D736-3858-C46F-9C4EC3010F2A}"
EndProject
Project("{FAE04EC0-301F-11D3-BF4B-00C04F79EFBC}") = "Google.Play.Review", "Google.Play.Review.Player.csproj", "{AEAC9A78-4F9E-0F12-0604-95DBD31E7472}"
EndProject
Project("{FAE04EC0-301F-11D3-BF4B-00C04F79EFBC}") = "MoreMountains.NiceVibrations", "MoreMountains.NiceVibrations.Player.csproj", "{26919C38-9A84-783A-64EB-E35AB8DFE62D}"
EndProject
Project("{FAE04EC0-301F-11D3-BF4B-00C04F79EFBC}") = "UnityEngine.Purchasing.AppleStub", "UnityEngine.Purchasing.AppleStub.Player.csproj", "{2368AF46-3B0A-174D-5AE6-94D745BA20AB}"
EndProject
Project("{FAE04EC0-301F-11D3-BF4B-00C04F79EFBC}") = "Unity.Services.Core.Registration", "Unity.Services.Core.Registration.Player.csproj", "{7161C779-B98F-0378-1987-4D994608515D}"
EndProject
Project("{FAE04EC0-301F-11D3-BF4B-00C04F79EFBC}") = "Unity.Services.Core.Environments", "Unity.Services.Core.Environments.Player.csproj", "{D4470929-39B3-21AB-952C-44FE0F2335ED}"
EndProject
Project("{FAE04EC0-301F-11D3-BF4B-00C04F79EFBC}") = "Unity.RenderPipelines.Universal.Config.Runtime", "Unity.RenderPipelines.Universal.Config.Runtime.Player.csproj", "{619DF48D-767E-44A1-8246-B036BF6EFCEC}"
EndProject
Project("{FAE04EC0-301F-11D3-BF4B-00C04F79EFBC}") = "Unity.RenderPipelines.ShaderGraph.ShaderGraphLibrary", "Unity.RenderPipelines.ShaderGraph.ShaderGraphLibrary.Player.csproj", "{6D529923-8BD8-A736-F823-BEAE6031026E}"
EndProject
Project("{FAE04EC0-301F-11D3-BF4B-00C04F79EFBC}") = "Unity.RenderPipelines.Core.ShaderLibrary", "Unity.RenderPipelines.Core.ShaderLibrary.Player.csproj", "{15E5B346-AE28-E533-D2C8-CD68AFDCE065}"
EndProject
Project("{FAE04EC0-301F-11D3-BF4B-00C04F79EFBC}") = "Unity.RenderPipelines.Universal.Shaders", "Unity.RenderPipelines.Universal.Shaders.Player.csproj", "{28528950-DCB8-F8D0-B6FC-B5C20325116C}"
EndProject
Global
	GlobalSection(SolutionConfigurationPlatforms) = preSolution
		Debug|Any CPU = Debug|Any CPU
		Release|Any CPU = Release|Any CPU
	EndGlobalSection
	GlobalSection(ProjectConfigurationPlatforms) = postSolution
		{CB2228E1-5DFC-49CE-6E5E-0C6E807705C4}.Debug|Any CPU.ActiveCfg = Debug|Any CPU
		{CB2228E1-5DFC-49CE-6E5E-0C6E807705C4}.Debug|Any CPU.Build.0 = Debug|Any CPU
		{CB2228E1-5DFC-49CE-6E5E-0C6E807705C4}.Release|Any CPU.ActiveCfg = Release|Any CPU
		{CB2228E1-5DFC-49CE-6E5E-0C6E807705C4}.Release|Any CPU.Build.0 = Release|Any CPU
		{D0202B67-78D7-E375-EDC1-A4CE755714A5}.Debug|Any CPU.ActiveCfg = Debug|Any CPU
		{D0202B67-78D7-E375-EDC1-A4CE755714A5}.Debug|Any CPU.Build.0 = Debug|Any CPU
		{D0202B67-78D7-E375-EDC1-A4CE755714A5}.Release|Any CPU.ActiveCfg = Release|Any CPU
		{D0202B67-78D7-E375-EDC1-A4CE755714A5}.Release|Any CPU.Build.0 = Release|Any CPU
		{957320E5-6A07-F673-59A3-08F6C76DC006}.Debug|Any CPU.ActiveCfg = Debug|Any CPU
		{957320E5-6A07-F673-59A3-08F6C76DC006}.Debug|Any CPU.Build.0 = Debug|Any CPU
		{957320E5-6A07-F673-59A3-08F6C76DC006}.Release|Any CPU.ActiveCfg = Release|Any CPU
		{957320E5-6A07-F673-59A3-08F6C76DC006}.Release|Any CPU.Build.0 = Release|Any CPU
		{19FD66F8-49E6-442A-7CE2-EE779E9AEE42}.Debug|Any CPU.ActiveCfg = Debug|Any CPU
		{19FD66F8-49E6-442A-7CE2-EE779E9AEE42}.Debug|Any CPU.Build.0 = Debug|Any CPU
		{19FD66F8-49E6-442A-7CE2-EE779E9AEE42}.Release|Any CPU.ActiveCfg = Release|Any CPU
		{19FD66F8-49E6-442A-7CE2-EE779E9AEE42}.Release|Any CPU.Build.0 = Release|Any CPU
		{96613DA9-AF02-189A-6FD1-56621AE91908}.Debug|Any CPU.ActiveCfg = Debug|Any CPU
		{96613DA9-AF02-189A-6FD1-56621AE91908}.Debug|Any CPU.Build.0 = Debug|Any CPU
		{96613DA9-AF02-189A-6FD1-56621AE91908}.Release|Any CPU.ActiveCfg = Release|Any CPU
		{96613DA9-AF02-189A-6FD1-56621AE91908}.Release|Any CPU.Build.0 = Release|Any CPU
		{9D1339A0-1917-D8C5-D5C9-0A8D457F0D85}.Debug|Any CPU.ActiveCfg = Debug|Any CPU
		{9D1339A0-1917-D8C5-D5C9-0A8D457F0D85}.Debug|Any CPU.Build.0 = Debug|Any CPU
		{9D1339A0-1917-D8C5-D5C9-0A8D457F0D85}.Release|Any CPU.ActiveCfg = Release|Any CPU
		{9D1339A0-1917-D8C5-D5C9-0A8D457F0D85}.Release|Any CPU.Build.0 = Release|Any CPU
		{CED006BD-EADD-7EAB-F3BA-A3A7AF77FC96}.Debug|Any CPU.ActiveCfg = Debug|Any CPU
		{CED006BD-EADD-7EAB-F3BA-A3A7AF77FC96}.Debug|Any CPU.Build.0 = Debug|Any CPU
		{CED006BD-EADD-7EAB-F3BA-A3A7AF77FC96}.Release|Any CPU.ActiveCfg = Release|Any CPU
		{CED006BD-EADD-7EAB-F3BA-A3A7AF77FC96}.Release|Any CPU.Build.0 = Release|Any CPU
		{52F3E9D4-163B-152B-F15C-74F86BF9FF32}.Debug|Any CPU.ActiveCfg = Debug|Any CPU
		{52F3E9D4-163B-152B-F15C-74F86BF9FF32}.Debug|Any CPU.Build.0 = Debug|Any CPU
		{52F3E9D4-163B-152B-F15C-74F86BF9FF32}.Release|Any CPU.ActiveCfg = Release|Any CPU
		{52F3E9D4-163B-152B-F15C-74F86BF9FF32}.Release|Any CPU.Build.0 = Release|Any CPU
		{B77E6661-F81C-D629-4DAE-D7E177C34806}.Debug|Any CPU.ActiveCfg = Debug|Any CPU
		{B77E6661-F81C-D629-4DAE-D7E177C34806}.Debug|Any CPU.Build.0 = Debug|Any CPU
		{B77E6661-F81C-D629-4DAE-D7E177C34806}.Release|Any CPU.ActiveCfg = Release|Any CPU
		{B77E6661-F81C-D629-4DAE-D7E177C34806}.Release|Any CPU.Build.0 = Release|Any CPU
		{718BE5DF-D9E2-2860-BA9D-50CDCF6C7E1B}.Debug|Any CPU.ActiveCfg = Debug|Any CPU
		{718BE5DF-D9E2-2860-BA9D-50CDCF6C7E1B}.Debug|Any CPU.Build.0 = Debug|Any CPU
		{718BE5DF-D9E2-2860-BA9D-50CDCF6C7E1B}.Release|Any CPU.ActiveCfg = Release|Any CPU
		{718BE5DF-D9E2-2860-BA9D-50CDCF6C7E1B}.Release|Any CPU.Build.0 = Release|Any CPU
		{E7848528-2A49-C2F8-71DF-7ABEB99F9884}.Debug|Any CPU.ActiveCfg = Debug|Any CPU
		{E7848528-2A49-C2F8-71DF-7ABEB99F9884}.Debug|Any CPU.Build.0 = Debug|Any CPU
		{E7848528-2A49-C2F8-71DF-7ABEB99F9884}.Release|Any CPU.ActiveCfg = Release|Any CPU
		{E7848528-2A49-C2F8-71DF-7ABEB99F9884}.Release|Any CPU.Build.0 = Release|Any CPU
		{50397ABE-AF88-D4E6-5FB3-F4405FC8135A}.Debug|Any CPU.ActiveCfg = Debug|Any CPU
		{50397ABE-AF88-D4E6-5FB3-F4405FC8135A}.Debug|Any CPU.Build.0 = Debug|Any CPU
		{50397ABE-AF88-D4E6-5FB3-F4405FC8135A}.Release|Any CPU.ActiveCfg = Release|Any CPU
		{50397ABE-AF88-D4E6-5FB3-F4405FC8135A}.Release|Any CPU.Build.0 = Release|Any CPU
		{91B6D52F-C59B-8152-8BA0-2A8CE8FD8518}.Debug|Any CPU.ActiveCfg = Debug|Any CPU
		{91B6D52F-C59B-8152-8BA0-2A8CE8FD8518}.Debug|Any CPU.Build.0 = Debug|Any CPU
		{91B6D52F-C59B-8152-8BA0-2A8CE8FD8518}.Release|Any CPU.ActiveCfg = Release|Any CPU
		{91B6D52F-C59B-8152-8BA0-2A8CE8FD8518}.Release|Any CPU.Build.0 = Release|Any CPU
		{238D7F77-5C26-484B-E434-6B9556729585}.Debug|Any CPU.ActiveCfg = Debug|Any CPU
		{238D7F77-5C26-484B-E434-6B9556729585}.Debug|Any CPU.Build.0 = Debug|Any CPU
		{238D7F77-5C26-484B-E434-6B9556729585}.Release|Any CPU.ActiveCfg = Release|Any CPU
		{238D7F77-5C26-484B-E434-6B9556729585}.Release|Any CPU.Build.0 = Release|Any CPU
		{1343B5DE-3FF8-F177-A997-961AB18BFDD0}.Debug|Any CPU.ActiveCfg = Debug|Any CPU
		{1343B5DE-3FF8-F177-A997-961AB18BFDD0}.Debug|Any CPU.Build.0 = Debug|Any CPU
		{1343B5DE-3FF8-F177-A997-961AB18BFDD0}.Release|Any CPU.ActiveCfg = Release|Any CPU
		{1343B5DE-3FF8-F177-A997-961AB18BFDD0}.Release|Any CPU.Build.0 = Release|Any CPU
		{6059662D-A951-F8D3-3E08-A751DBF70DD7}.Debug|Any CPU.ActiveCfg = Debug|Any CPU
		{6059662D-A951-F8D3-3E08-A751DBF70DD7}.Debug|Any CPU.Build.0 = Debug|Any CPU
		{6059662D-A951-F8D3-3E08-A751DBF70DD7}.Release|Any CPU.ActiveCfg = Release|Any CPU
		{6059662D-A951-F8D3-3E08-A751DBF70DD7}.Release|Any CPU.Build.0 = Release|Any CPU
		{27337D04-8A98-5996-2108-F9BC01AC6BD2}.Debug|Any CPU.ActiveCfg = Debug|Any CPU
		{27337D04-8A98-5996-2108-F9BC01AC6BD2}.Debug|Any CPU.Build.0 = Debug|Any CPU
		{27337D04-8A98-5996-2108-F9BC01AC6BD2}.Release|Any CPU.ActiveCfg = Release|Any CPU
		{27337D04-8A98-5996-2108-F9BC01AC6BD2}.Release|Any CPU.Build.0 = Release|Any CPU
		{580365AB-F0C0-E5DA-1482-825DDCAF388C}.Debug|Any CPU.ActiveCfg = Debug|Any CPU
		{580365AB-F0C0-E5DA-1482-825DDCAF388C}.Debug|Any CPU.Build.0 = Debug|Any CPU
		{580365AB-F0C0-E5DA-1482-825DDCAF388C}.Release|Any CPU.ActiveCfg = Release|Any CPU
		{580365AB-F0C0-E5DA-1482-825DDCAF388C}.Release|Any CPU.Build.0 = Release|Any CPU
		{6A093278-E2DF-18DD-D999-27D312DCEC99}.Debug|Any CPU.ActiveCfg = Debug|Any CPU
		{6A093278-E2DF-18DD-D999-27D312DCEC99}.Debug|Any CPU.Build.0 = Debug|Any CPU
		{6A093278-E2DF-18DD-D999-27D312DCEC99}.Release|Any CPU.ActiveCfg = Release|Any CPU
		{6A093278-E2DF-18DD-D999-27D312DCEC99}.Release|Any CPU.Build.0 = Release|Any CPU
		{2E91D04B-D5DF-ED88-66E3-2297A4831E6E}.Debug|Any CPU.ActiveCfg = Debug|Any CPU
		{2E91D04B-D5DF-ED88-66E3-2297A4831E6E}.Debug|Any CPU.Build.0 = Debug|Any CPU
		{2E91D04B-D5DF-ED88-66E3-2297A4831E6E}.Release|Any CPU.ActiveCfg = Release|Any CPU
		{2E91D04B-D5DF-ED88-66E3-2297A4831E6E}.Release|Any CPU.Build.0 = Release|Any CPU
		{545488EF-F7EF-4A5A-471E-5142655115F7}.Debug|Any CPU.ActiveCfg = Debug|Any CPU
		{545488EF-F7EF-4A5A-471E-5142655115F7}.Debug|Any CPU.Build.0 = Debug|Any CPU
		{545488EF-F7EF-4A5A-471E-5142655115F7}.Release|Any CPU.ActiveCfg = Release|Any CPU
		{545488EF-F7EF-4A5A-471E-5142655115F7}.Release|Any CPU.Build.0 = Release|Any CPU
		{5E19CDE9-F9CF-9224-C81C-C9C13C7747D2}.Debug|Any CPU.ActiveCfg = Debug|Any CPU
		{5E19CDE9-F9CF-9224-C81C-C9C13C7747D2}.Debug|Any CPU.Build.0 = Debug|Any CPU
		{5E19CDE9-F9CF-9224-C81C-C9C13C7747D2}.Release|Any CPU.ActiveCfg = Release|Any CPU
		{5E19CDE9-F9CF-9224-C81C-C9C13C7747D2}.Release|Any CPU.Build.0 = Release|Any CPU
		{2E55B9BF-22FE-93E5-8F1E-1F2AF8778F45}.Debug|Any CPU.ActiveCfg = Debug|Any CPU
		{2E55B9BF-22FE-93E5-8F1E-1F2AF8778F45}.Debug|Any CPU.Build.0 = Debug|Any CPU
		{2E55B9BF-22FE-93E5-8F1E-1F2AF8778F45}.Release|Any CPU.ActiveCfg = Release|Any CPU
		{2E55B9BF-22FE-93E5-8F1E-1F2AF8778F45}.Release|Any CPU.Build.0 = Release|Any CPU
		{08BFEB3E-5637-019B-E21A-A75960481281}.Debug|Any CPU.ActiveCfg = Debug|Any CPU
		{08BFEB3E-5637-019B-E21A-A75960481281}.Debug|Any CPU.Build.0 = Debug|Any CPU
		{08BFEB3E-5637-019B-E21A-A75960481281}.Release|Any CPU.ActiveCfg = Release|Any CPU
		{08BFEB3E-5637-019B-E21A-A75960481281}.Release|Any CPU.Build.0 = Release|Any CPU
		{8B3F7245-120D-EFA2-C7FC-F5F4F14D8F74}.Debug|Any CPU.ActiveCfg = Debug|Any CPU
		{8B3F7245-120D-EFA2-C7FC-F5F4F14D8F74}.Debug|Any CPU.Build.0 = Debug|Any CPU
		{8B3F7245-120D-EFA2-C7FC-F5F4F14D8F74}.Release|Any CPU.ActiveCfg = Release|Any CPU
		{8B3F7245-120D-EFA2-C7FC-F5F4F14D8F74}.Release|Any CPU.Build.0 = Release|Any CPU
		{214AD384-CCF1-3C26-8B9B-CF0A66AF5029}.Debug|Any CPU.ActiveCfg = Debug|Any CPU
		{214AD384-CCF1-3C26-8B9B-CF0A66AF5029}.Debug|Any CPU.Build.0 = Debug|Any CPU
		{214AD384-CCF1-3C26-8B9B-CF0A66AF5029}.Release|Any CPU.ActiveCfg = Release|Any CPU
		{214AD384-CCF1-3C26-8B9B-CF0A66AF5029}.Release|Any CPU.Build.0 = Release|Any CPU
		{05407046-2E18-7C14-D7E2-DD21FB833575}.Debug|Any CPU.ActiveCfg = Debug|Any CPU
		{05407046-2E18-7C14-D7E2-DD21FB833575}.Debug|Any CPU.Build.0 = Debug|Any CPU
		{05407046-2E18-7C14-D7E2-DD21FB833575}.Release|Any CPU.ActiveCfg = Release|Any CPU
		{05407046-2E18-7C14-D7E2-DD21FB833575}.Release|Any CPU.Build.0 = Release|Any CPU
		{60A241D6-93B7-6C72-F013-8CEC9A3544CF}.Debug|Any CPU.ActiveCfg = Debug|Any CPU
		{60A241D6-93B7-6C72-F013-8CEC9A3544CF}.Debug|Any CPU.Build.0 = Debug|Any CPU
		{60A241D6-93B7-6C72-F013-8CEC9A3544CF}.Release|Any CPU.ActiveCfg = Release|Any CPU
		{60A241D6-93B7-6C72-F013-8CEC9A3544CF}.Release|Any CPU.Build.0 = Release|Any CPU
		{37D1250B-D0A3-15C9-1973-B85BE09CEAEF}.Debug|Any CPU.ActiveCfg = Debug|Any CPU
		{37D1250B-D0A3-15C9-1973-B85BE09CEAEF}.Debug|Any CPU.Build.0 = Debug|Any CPU
		{37D1250B-D0A3-15C9-1973-B85BE09CEAEF}.Release|Any CPU.ActiveCfg = Release|Any CPU
		{37D1250B-D0A3-15C9-1973-B85BE09CEAEF}.Release|Any CPU.Build.0 = Release|Any CPU
		{EF8318D3-9400-32E3-DE9F-7CD70C913A86}.Debug|Any CPU.ActiveCfg = Debug|Any CPU
		{EF8318D3-9400-32E3-DE9F-7CD70C913A86}.Debug|Any CPU.Build.0 = Debug|Any CPU
		{EF8318D3-9400-32E3-DE9F-7CD70C913A86}.Release|Any CPU.ActiveCfg = Release|Any CPU
		{EF8318D3-9400-32E3-DE9F-7CD70C913A86}.Release|Any CPU.Build.0 = Release|Any CPU
		{44C38F63-B136-DE9A-2D69-CF22F62E15E6}.Debug|Any CPU.ActiveCfg = Debug|Any CPU
		{44C38F63-B136-DE9A-2D69-CF22F62E15E6}.Debug|Any CPU.Build.0 = Debug|Any CPU
		{44C38F63-B136-DE9A-2D69-CF22F62E15E6}.Release|Any CPU.ActiveCfg = Release|Any CPU
		{44C38F63-B136-DE9A-2D69-CF22F62E15E6}.Release|Any CPU.Build.0 = Release|Any CPU
		{2F95BA62-4499-7D58-DB45-E6DA50848DC3}.Debug|Any CPU.ActiveCfg = Debug|Any CPU
		{2F95BA62-4499-7D58-DB45-E6DA50848DC3}.Debug|Any CPU.Build.0 = Debug|Any CPU
		{2F95BA62-4499-7D58-DB45-E6DA50848DC3}.Release|Any CPU.ActiveCfg = Release|Any CPU
		{2F95BA62-4499-7D58-DB45-E6DA50848DC3}.Release|Any CPU.Build.0 = Release|Any CPU
		{4D247E25-ABCF-FBC2-57EC-7B9CB6EB923D}.Debug|Any CPU.ActiveCfg = Debug|Any CPU
		{4D247E25-ABCF-FBC2-57EC-7B9CB6EB923D}.Debug|Any CPU.Build.0 = Debug|Any CPU
		{4D247E25-ABCF-FBC2-57EC-7B9CB6EB923D}.Release|Any CPU.ActiveCfg = Release|Any CPU
		{4D247E25-ABCF-FBC2-57EC-7B9CB6EB923D}.Release|Any CPU.Build.0 = Release|Any CPU
		{FC5A2D63-2FDB-8574-9279-65DD3966911D}.Debug|Any CPU.ActiveCfg = Debug|Any CPU
		{FC5A2D63-2FDB-8574-9279-65DD3966911D}.Debug|Any CPU.Build.0 = Debug|Any CPU
		{FC5A2D63-2FDB-8574-9279-65DD3966911D}.Release|Any CPU.ActiveCfg = Release|Any CPU
		{FC5A2D63-2FDB-8574-9279-65DD3966911D}.Release|Any CPU.Build.0 = Release|Any CPU
		{DBCA13CC-67E9-48FD-5624-83CF263E1E32}.Debug|Any CPU.ActiveCfg = Debug|Any CPU
		{DBCA13CC-67E9-48FD-5624-83CF263E1E32}.Debug|Any CPU.Build.0 = Debug|Any CPU
		{DBCA13CC-67E9-48FD-5624-83CF263E1E32}.Release|Any CPU.ActiveCfg = Release|Any CPU
		{DBCA13CC-67E9-48FD-5624-83CF263E1E32}.Release|Any CPU.Build.0 = Release|Any CPU
		{0ED68F15-7A08-F8F9-80E0-45EFCE2B0561}.Debug|Any CPU.ActiveCfg = Debug|Any CPU
		{0ED68F15-7A08-F8F9-80E0-45EFCE2B0561}.Debug|Any CPU.Build.0 = Debug|Any CPU
		{0ED68F15-7A08-F8F9-80E0-45EFCE2B0561}.Release|Any CPU.ActiveCfg = Release|Any CPU
		{0ED68F15-7A08-F8F9-80E0-45EFCE2B0561}.Release|Any CPU.Build.0 = Release|Any CPU
		{7075CEB1-4BA6-20A5-B3E6-F2823EBEFCB3}.Debug|Any CPU.ActiveCfg = Debug|Any CPU
		{7075CEB1-4BA6-20A5-B3E6-F2823EBEFCB3}.Debug|Any CPU.Build.0 = Debug|Any CPU
		{7075CEB1-4BA6-20A5-B3E6-F2823EBEFCB3}.Release|Any CPU.ActiveCfg = Release|Any CPU
		{7075CEB1-4BA6-20A5-B3E6-F2823EBEFCB3}.Release|Any CPU.Build.0 = Release|Any CPU
		{5ABF26E4-10FE-B912-1CA1-C5DB06BB0786}.Debug|Any CPU.ActiveCfg = Debug|Any CPU
		{5ABF26E4-10FE-B912-1CA1-C5DB06BB0786}.Debug|Any CPU.Build.0 = Debug|Any CPU
		{5ABF26E4-10FE-B912-1CA1-C5DB06BB0786}.Release|Any CPU.ActiveCfg = Release|Any CPU
		{5ABF26E4-10FE-B912-1CA1-C5DB06BB0786}.Release|Any CPU.Build.0 = Release|Any CPU
		{F7CCBBA8-7596-9A7F-EBF6-6D07E924DB03}.Debug|Any CPU.ActiveCfg = Debug|Any CPU
		{F7CCBBA8-7596-9A7F-EBF6-6D07E924DB03}.Debug|Any CPU.Build.0 = Debug|Any CPU
		{F7CCBBA8-7596-9A7F-EBF6-6D07E924DB03}.Release|Any CPU.ActiveCfg = Release|Any CPU
		{F7CCBBA8-7596-9A7F-EBF6-6D07E924DB03}.Release|Any CPU.Build.0 = Release|Any CPU
		{F742344A-51F2-3FAB-B652-9D2F50DD6313}.Debug|Any CPU.ActiveCfg = Debug|Any CPU
		{F742344A-51F2-3FAB-B652-9D2F50DD6313}.Debug|Any CPU.Build.0 = Debug|Any CPU
		{F742344A-51F2-3FAB-B652-9D2F50DD6313}.Release|Any CPU.ActiveCfg = Release|Any CPU
		{F742344A-51F2-3FAB-B652-9D2F50DD6313}.Release|Any CPU.Build.0 = Release|Any CPU
		{C226CA02-93CC-7607-1F00-DC690CE9D5D9}.Debug|Any CPU.ActiveCfg = Debug|Any CPU
		{C226CA02-93CC-7607-1F00-DC690CE9D5D9}.Debug|Any CPU.Build.0 = Debug|Any CPU
		{C226CA02-93CC-7607-1F00-DC690CE9D5D9}.Release|Any CPU.ActiveCfg = Release|Any CPU
		{C226CA02-93CC-7607-1F00-DC690CE9D5D9}.Release|Any CPU.Build.0 = Release|Any CPU
		{FB6F2C52-44EF-7DBE-FD6E-0A8C389381C8}.Debug|Any CPU.ActiveCfg = Debug|Any CPU
		{FB6F2C52-44EF-7DBE-FD6E-0A8C389381C8}.Debug|Any CPU.Build.0 = Debug|Any CPU
		{FB6F2C52-44EF-7DBE-FD6E-0A8C389381C8}.Release|Any CPU.ActiveCfg = Release|Any CPU
		{FB6F2C52-44EF-7DBE-FD6E-0A8C389381C8}.Release|Any CPU.Build.0 = Release|Any CPU
		{5AF86544-346E-08F2-B27B-4745EF8E872B}.Debug|Any CPU.ActiveCfg = Debug|Any CPU
		{5AF86544-346E-08F2-B27B-4745EF8E872B}.Debug|Any CPU.Build.0 = Debug|Any CPU
		{5AF86544-346E-08F2-B27B-4745EF8E872B}.Release|Any CPU.ActiveCfg = Release|Any CPU
		{5AF86544-346E-08F2-B27B-4745EF8E872B}.Release|Any CPU.Build.0 = Release|Any CPU
		{0A661A33-1186-59A5-EE23-0171E3D25F1D}.Debug|Any CPU.ActiveCfg = Debug|Any CPU
		{0A661A33-1186-59A5-EE23-0171E3D25F1D}.Debug|Any CPU.Build.0 = Debug|Any CPU
		{0A661A33-1186-59A5-EE23-0171E3D25F1D}.Release|Any CPU.ActiveCfg = Release|Any CPU
		{0A661A33-1186-59A5-EE23-0171E3D25F1D}.Release|Any CPU.Build.0 = Release|Any CPU
		{052E02C8-7F1B-5A22-DBAC-1C1FAFA06D58}.Debug|Any CPU.ActiveCfg = Debug|Any CPU
		{052E02C8-7F1B-5A22-DBAC-1C1FAFA06D58}.Debug|Any CPU.Build.0 = Debug|Any CPU
		{052E02C8-7F1B-5A22-DBAC-1C1FAFA06D58}.Release|Any CPU.ActiveCfg = Release|Any CPU
		{052E02C8-7F1B-5A22-DBAC-1C1FAFA06D58}.Release|Any CPU.Build.0 = Release|Any CPU
		{C4C3269A-E8E5-E780-6693-C3DFD7760C18}.Debug|Any CPU.ActiveCfg = Debug|Any CPU
		{C4C3269A-E8E5-E780-6693-C3DFD7760C18}.Debug|Any CPU.Build.0 = Debug|Any CPU
		{C4C3269A-E8E5-E780-6693-C3DFD7760C18}.Release|Any CPU.ActiveCfg = Release|Any CPU
		{C4C3269A-E8E5-E780-6693-C3DFD7760C18}.Release|Any CPU.Build.0 = Release|Any CPU
		{9AA70FCF-EE93-1F8C-39D7-AFC7C9928E58}.Debug|Any CPU.ActiveCfg = Debug|Any CPU
		{9AA70FCF-EE93-1F8C-39D7-AFC7C9928E58}.Debug|Any CPU.Build.0 = Debug|Any CPU
		{9AA70FCF-EE93-1F8C-39D7-AFC7C9928E58}.Release|Any CPU.ActiveCfg = Release|Any CPU
		{9AA70FCF-EE93-1F8C-39D7-AFC7C9928E58}.Release|Any CPU.Build.0 = Release|Any CPU
		{7A1CE86C-9A92-D04F-7B40-04CE6B17C647}.Debug|Any CPU.ActiveCfg = Debug|Any CPU
		{7A1CE86C-9A92-D04F-7B40-04CE6B17C647}.Debug|Any CPU.Build.0 = Debug|Any CPU
		{7A1CE86C-9A92-D04F-7B40-04CE6B17C647}.Release|Any CPU.ActiveCfg = Release|Any CPU
		{7A1CE86C-9A92-D04F-7B40-04CE6B17C647}.Release|Any CPU.Build.0 = Release|Any CPU
		{47F955E2-3682-B83D-CF25-9B6B80C04407}.Debug|Any CPU.ActiveCfg = Debug|Any CPU
		{47F955E2-3682-B83D-CF25-9B6B80C04407}.Debug|Any CPU.Build.0 = Debug|Any CPU
		{47F955E2-3682-B83D-CF25-9B6B80C04407}.Release|Any CPU.ActiveCfg = Release|Any CPU
		{47F955E2-3682-B83D-CF25-9B6B80C04407}.Release|Any CPU.Build.0 = Release|Any CPU
		{05201F22-8E40-DF06-8BCB-A0146B9E18D3}.Debug|Any CPU.ActiveCfg = Debug|Any CPU
		{05201F22-8E40-DF06-8BCB-A0146B9E18D3}.Debug|Any CPU.Build.0 = Debug|Any CPU
		{05201F22-8E40-DF06-8BCB-A0146B9E18D3}.Release|Any CPU.ActiveCfg = Release|Any CPU
		{05201F22-8E40-DF06-8BCB-A0146B9E18D3}.Release|Any CPU.Build.0 = Release|Any CPU
		{488E9577-2672-2C81-7598-09AD8EE85312}.Debug|Any CPU.ActiveCfg = Debug|Any CPU
		{488E9577-2672-2C81-7598-09AD8EE85312}.Debug|Any CPU.Build.0 = Debug|Any CPU
		{488E9577-2672-2C81-7598-09AD8EE85312}.Release|Any CPU.ActiveCfg = Release|Any CPU
		{488E9577-2672-2C81-7598-09AD8EE85312}.Release|Any CPU.Build.0 = Release|Any CPU
		{64C8F04F-4408-B9D1-36C2-0539ABB3BD76}.Debug|Any CPU.ActiveCfg = Debug|Any CPU
		{64C8F04F-4408-B9D1-36C2-0539ABB3BD76}.Debug|Any CPU.Build.0 = Debug|Any CPU
		{64C8F04F-4408-B9D1-36C2-0539ABB3BD76}.Release|Any CPU.ActiveCfg = Release|Any CPU
		{64C8F04F-4408-B9D1-36C2-0539ABB3BD76}.Release|Any CPU.Build.0 = Release|Any CPU
		{92D2B603-3001-9BF3-DB1C-1BF43F5E609F}.Debug|Any CPU.ActiveCfg = Debug|Any CPU
		{92D2B603-3001-9BF3-DB1C-1BF43F5E609F}.Debug|Any CPU.Build.0 = Debug|Any CPU
		{92D2B603-3001-9BF3-DB1C-1BF43F5E609F}.Release|Any CPU.ActiveCfg = Release|Any CPU
		{92D2B603-3001-9BF3-DB1C-1BF43F5E609F}.Release|Any CPU.Build.0 = Release|Any CPU
		{86D15BBA-FCA1-F6E3-FBAA-9489514205D5}.Debug|Any CPU.ActiveCfg = Debug|Any CPU
		{86D15BBA-FCA1-F6E3-FBAA-9489514205D5}.Debug|Any CPU.Build.0 = Debug|Any CPU
		{86D15BBA-FCA1-F6E3-FBAA-9489514205D5}.Release|Any CPU.ActiveCfg = Release|Any CPU
		{86D15BBA-FCA1-F6E3-FBAA-9489514205D5}.Release|Any CPU.Build.0 = Release|Any CPU
		{07950D37-FD63-17B8-5AB6-5032BEB370CD}.Debug|Any CPU.ActiveCfg = Debug|Any CPU
		{07950D37-FD63-17B8-5AB6-5032BEB370CD}.Debug|Any CPU.Build.0 = Debug|Any CPU
		{07950D37-FD63-17B8-5AB6-5032BEB370CD}.Release|Any CPU.ActiveCfg = Release|Any CPU
		{07950D37-FD63-17B8-5AB6-5032BEB370CD}.Release|Any CPU.Build.0 = Release|Any CPU
		{AAA33F95-88BD-AF4C-4C74-629007CCE040}.Debug|Any CPU.ActiveCfg = Debug|Any CPU
		{AAA33F95-88BD-AF4C-4C74-629007CCE040}.Debug|Any CPU.Build.0 = Debug|Any CPU
		{AAA33F95-88BD-AF4C-4C74-629007CCE040}.Release|Any CPU.ActiveCfg = Release|Any CPU
		{AAA33F95-88BD-AF4C-4C74-629007CCE040}.Release|Any CPU.Build.0 = Release|Any CPU
		{F01917D3-0BC4-4E60-CF87-F55B12FC6EBC}.Debug|Any CPU.ActiveCfg = Debug|Any CPU
		{F01917D3-0BC4-4E60-CF87-F55B12FC6EBC}.Debug|Any CPU.Build.0 = Debug|Any CPU
		{F01917D3-0BC4-4E60-CF87-F55B12FC6EBC}.Release|Any CPU.ActiveCfg = Release|Any CPU
		{F01917D3-0BC4-4E60-CF87-F55B12FC6EBC}.Release|Any CPU.Build.0 = Release|Any CPU
		{70F5EB8C-E542-83AF-63AA-3A4052F16C64}.Debug|Any CPU.ActiveCfg = Debug|Any CPU
		{70F5EB8C-E542-83AF-63AA-3A4052F16C64}.Debug|Any CPU.Build.0 = Debug|Any CPU
		{70F5EB8C-E542-83AF-63AA-3A4052F16C64}.Release|Any CPU.ActiveCfg = Release|Any CPU
		{70F5EB8C-E542-83AF-63AA-3A4052F16C64}.Release|Any CPU.Build.0 = Release|Any CPU
		{F9CD37B2-EFBD-9F69-5E6A-278996E5A40F}.Debug|Any CPU.ActiveCfg = Debug|Any CPU
		{F9CD37B2-EFBD-9F69-5E6A-278996E5A40F}.Debug|Any CPU.Build.0 = Debug|Any CPU
		{F9CD37B2-EFBD-9F69-5E6A-278996E5A40F}.Release|Any CPU.ActiveCfg = Release|Any CPU
		{F9CD37B2-EFBD-9F69-5E6A-278996E5A40F}.Release|Any CPU.Build.0 = Release|Any CPU
		{B9D6956A-C2B3-C83B-6AC4-1979A00D00C7}.Debug|Any CPU.ActiveCfg = Debug|Any CPU
		{B9D6956A-C2B3-C83B-6AC4-1979A00D00C7}.Debug|Any CPU.Build.0 = Debug|Any CPU
		{B9D6956A-C2B3-C83B-6AC4-1979A00D00C7}.Release|Any CPU.ActiveCfg = Release|Any CPU
		{B9D6956A-C2B3-C83B-6AC4-1979A00D00C7}.Release|Any CPU.Build.0 = Release|Any CPU
		{F521F7C9-8316-EF2A-8514-BE52F8D0AB78}.Debug|Any CPU.ActiveCfg = Debug|Any CPU
		{F521F7C9-8316-EF2A-8514-BE52F8D0AB78}.Debug|Any CPU.Build.0 = Debug|Any CPU
		{F521F7C9-8316-EF2A-8514-BE52F8D0AB78}.Release|Any CPU.ActiveCfg = Release|Any CPU
		{F521F7C9-8316-EF2A-8514-BE52F8D0AB78}.Release|Any CPU.Build.0 = Release|Any CPU
		{B8F0BF5D-3159-ED77-6186-82553DF9D295}.Debug|Any CPU.ActiveCfg = Debug|Any CPU
		{B8F0BF5D-3159-ED77-6186-82553DF9D295}.Debug|Any CPU.Build.0 = Debug|Any CPU
		{B8F0BF5D-3159-ED77-6186-82553DF9D295}.Release|Any CPU.ActiveCfg = Release|Any CPU
		{B8F0BF5D-3159-ED77-6186-82553DF9D295}.Release|Any CPU.Build.0 = Release|Any CPU
		{A45F4709-42F9-74E5-E7F3-3418673D9A4D}.Debug|Any CPU.ActiveCfg = Debug|Any CPU
		{A45F4709-42F9-74E5-E7F3-3418673D9A4D}.Debug|Any CPU.Build.0 = Debug|Any CPU
		{A45F4709-42F9-74E5-E7F3-3418673D9A4D}.Release|Any CPU.ActiveCfg = Release|Any CPU
		{A45F4709-42F9-74E5-E7F3-3418673D9A4D}.Release|Any CPU.Build.0 = Release|Any CPU
		{32E816F1-A109-9DC3-41DF-D230EC17893E}.Debug|Any CPU.ActiveCfg = Debug|Any CPU
		{32E816F1-A109-9DC3-41DF-D230EC17893E}.Debug|Any CPU.Build.0 = Debug|Any CPU
		{32E816F1-A109-9DC3-41DF-D230EC17893E}.Release|Any CPU.ActiveCfg = Release|Any CPU
		{32E816F1-A109-9DC3-41DF-D230EC17893E}.Release|Any CPU.Build.0 = Release|Any CPU
		{23138386-4DE1-EEE3-E809-2123C10BB01E}.Debug|Any CPU.ActiveCfg = Debug|Any CPU
		{23138386-4DE1-EEE3-E809-2123C10BB01E}.Debug|Any CPU.Build.0 = Debug|Any CPU
		{23138386-4DE1-EEE3-E809-2123C10BB01E}.Release|Any CPU.ActiveCfg = Release|Any CPU
		{23138386-4DE1-EEE3-E809-2123C10BB01E}.Release|Any CPU.Build.0 = Release|Any CPU
		{EEF551B5-5AF1-AB3F-3646-EFAC293FF2F2}.Debug|Any CPU.ActiveCfg = Debug|Any CPU
		{EEF551B5-5AF1-AB3F-3646-EFAC293FF2F2}.Debug|Any CPU.Build.0 = Debug|Any CPU
		{EEF551B5-5AF1-AB3F-3646-EFAC293FF2F2}.Release|Any CPU.ActiveCfg = Release|Any CPU
		{EEF551B5-5AF1-AB3F-3646-EFAC293FF2F2}.Release|Any CPU.Build.0 = Release|Any CPU
		{13301C91-CFC0-3E69-D63D-0C61E2B416C9}.Debug|Any CPU.ActiveCfg = Debug|Any CPU
		{13301C91-CFC0-3E69-D63D-0C61E2B416C9}.Debug|Any CPU.Build.0 = Debug|Any CPU
		{13301C91-CFC0-3E69-D63D-0C61E2B416C9}.Release|Any CPU.ActiveCfg = Release|Any CPU
		{13301C91-CFC0-3E69-D63D-0C61E2B416C9}.Release|Any CPU.Build.0 = Release|Any CPU
		{D3699252-5D4A-2C08-8A54-331A057038FF}.Debug|Any CPU.ActiveCfg = Debug|Any CPU
		{D3699252-5D4A-2C08-8A54-331A057038FF}.Debug|Any CPU.Build.0 = Debug|Any CPU
		{D3699252-5D4A-2C08-8A54-331A057038FF}.Release|Any CPU.ActiveCfg = Release|Any CPU
		{D3699252-5D4A-2C08-8A54-331A057038FF}.Release|Any CPU.Build.0 = Release|Any CPU
		{8B3BBFF2-5BD0-98CA-43A5-17D16CBBEA34}.Debug|Any CPU.ActiveCfg = Debug|Any CPU
		{8B3BBFF2-5BD0-98CA-43A5-17D16CBBEA34}.Debug|Any CPU.Build.0 = Debug|Any CPU
		{8B3BBFF2-5BD0-98CA-43A5-17D16CBBEA34}.Release|Any CPU.ActiveCfg = Release|Any CPU
		{8B3BBFF2-5BD0-98CA-43A5-17D16CBBEA34}.Release|Any CPU.Build.0 = Release|Any CPU
		{11CA1D4E-DD7A-0F63-0406-EB79AEADC998}.Debug|Any CPU.ActiveCfg = Debug|Any CPU
		{11CA1D4E-DD7A-0F63-0406-EB79AEADC998}.Debug|Any CPU.Build.0 = Debug|Any CPU
		{11CA1D4E-DD7A-0F63-0406-EB79AEADC998}.Release|Any CPU.ActiveCfg = Release|Any CPU
		{11CA1D4E-DD7A-0F63-0406-EB79AEADC998}.Release|Any CPU.Build.0 = Release|Any CPU
		{65F56879-3C92-7AF8-2FBD-230E7BE08D1F}.Debug|Any CPU.ActiveCfg = Debug|Any CPU
		{65F56879-3C92-7AF8-2FBD-230E7BE08D1F}.Debug|Any CPU.Build.0 = Debug|Any CPU
		{65F56879-3C92-7AF8-2FBD-230E7BE08D1F}.Release|Any CPU.ActiveCfg = Release|Any CPU
		{65F56879-3C92-7AF8-2FBD-230E7BE08D1F}.Release|Any CPU.Build.0 = Release|Any CPU
		{D3705BB0-CC14-85C1-1FFE-563A7D7F3C30}.Debug|Any CPU.ActiveCfg = Debug|Any CPU
		{D3705BB0-CC14-85C1-1FFE-563A7D7F3C30}.Debug|Any CPU.Build.0 = Debug|Any CPU
		{D3705BB0-CC14-85C1-1FFE-563A7D7F3C30}.Release|Any CPU.ActiveCfg = Release|Any CPU
		{D3705BB0-CC14-85C1-1FFE-563A7D7F3C30}.Release|Any CPU.Build.0 = Release|Any CPU
		{A8A4DEC0-9588-3B31-18F4-117D697BEA84}.Debug|Any CPU.ActiveCfg = Debug|Any CPU
		{A8A4DEC0-9588-3B31-18F4-117D697BEA84}.Debug|Any CPU.Build.0 = Debug|Any CPU
		{A8A4DEC0-9588-3B31-18F4-117D697BEA84}.Release|Any CPU.ActiveCfg = Release|Any CPU
		{A8A4DEC0-9588-3B31-18F4-117D697BEA84}.Release|Any CPU.Build.0 = Release|Any CPU
		{22970057-2E07-85A7-0225-4D178F58AC4D}.Debug|Any CPU.ActiveCfg = Debug|Any CPU
		{22970057-2E07-85A7-0225-4D178F58AC4D}.Debug|Any CPU.Build.0 = Debug|Any CPU
		{22970057-2E07-85A7-0225-4D178F58AC4D}.Release|Any CPU.ActiveCfg = Release|Any CPU
		{22970057-2E07-85A7-0225-4D178F58AC4D}.Release|Any CPU.Build.0 = Release|Any CPU
		{D7E368EE-9E68-AEEA-1FEC-D3C0A6CAE6BE}.Debug|Any CPU.ActiveCfg = Debug|Any CPU
		{D7E368EE-9E68-AEEA-1FEC-D3C0A6CAE6BE}.Debug|Any CPU.Build.0 = Debug|Any CPU
		{D7E368EE-9E68-AEEA-1FEC-D3C0A6CAE6BE}.Release|Any CPU.ActiveCfg = Release|Any CPU
		{D7E368EE-9E68-AEEA-1FEC-D3C0A6CAE6BE}.Release|Any CPU.Build.0 = Release|Any CPU
		{E4E409D0-0359-61BA-3410-0A59F954FEFE}.Debug|Any CPU.ActiveCfg = Debug|Any CPU
		{E4E409D0-0359-61BA-3410-0A59F954FEFE}.Debug|Any CPU.Build.0 = Debug|Any CPU
		{E4E409D0-0359-61BA-3410-0A59F954FEFE}.Release|Any CPU.ActiveCfg = Release|Any CPU
		{E4E409D0-0359-61BA-3410-0A59F954FEFE}.Release|Any CPU.Build.0 = Release|Any CPU
		{D6006CDA-5BBA-D17A-2B92-16E686731E80}.Debug|Any CPU.ActiveCfg = Debug|Any CPU
		{D6006CDA-5BBA-D17A-2B92-16E686731E80}.Debug|Any CPU.Build.0 = Debug|Any CPU
		{D6006CDA-5BBA-D17A-2B92-16E686731E80}.Release|Any CPU.ActiveCfg = Release|Any CPU
		{D6006CDA-5BBA-D17A-2B92-16E686731E80}.Release|Any CPU.Build.0 = Release|Any CPU
		{9BDA131A-848B-7066-B79E-CEDD8D62AD49}.Debug|Any CPU.ActiveCfg = Debug|Any CPU
		{9BDA131A-848B-7066-B79E-CEDD8D62AD49}.Debug|Any CPU.Build.0 = Debug|Any CPU
		{9BDA131A-848B-7066-B79E-CEDD8D62AD49}.Release|Any CPU.ActiveCfg = Release|Any CPU
		{9BDA131A-848B-7066-B79E-CEDD8D62AD49}.Release|Any CPU.Build.0 = Release|Any CPU
		{0A5F75F5-07CC-A593-7145-7FE5F072B879}.Debug|Any CPU.ActiveCfg = Debug|Any CPU
		{0A5F75F5-07CC-A593-7145-7FE5F072B879}.Debug|Any CPU.Build.0 = Debug|Any CPU
		{0A5F75F5-07CC-A593-7145-7FE5F072B879}.Release|Any CPU.ActiveCfg = Release|Any CPU
		{0A5F75F5-07CC-A593-7145-7FE5F072B879}.Release|Any CPU.Build.0 = Release|Any CPU
		{6C55427B-7C07-04FA-9F2A-9969E3B44295}.Debug|Any CPU.ActiveCfg = Debug|Any CPU
		{6C55427B-7C07-04FA-9F2A-9969E3B44295}.Debug|Any CPU.Build.0 = Debug|Any CPU
		{6C55427B-7C07-04FA-9F2A-9969E3B44295}.Release|Any CPU.ActiveCfg = Release|Any CPU
		{6C55427B-7C07-04FA-9F2A-9969E3B44295}.Release|Any CPU.Build.0 = Release|Any CPU
		{36E27BEA-1CD5-A213-E631-C9027C838AF6}.Debug|Any CPU.ActiveCfg = Debug|Any CPU
		{36E27BEA-1CD5-A213-E631-C9027C838AF6}.Debug|Any CPU.Build.0 = Debug|Any CPU
		{36E27BEA-1CD5-A213-E631-C9027C838AF6}.Release|Any CPU.ActiveCfg = Release|Any CPU
		{36E27BEA-1CD5-A213-E631-C9027C838AF6}.Release|Any CPU.Build.0 = Release|Any CPU
		{E4573834-3184-83D0-908F-835B13AD6E6B}.Debug|Any CPU.ActiveCfg = Debug|Any CPU
		{E4573834-3184-83D0-908F-835B13AD6E6B}.Debug|Any CPU.Build.0 = Debug|Any CPU
		{E4573834-3184-83D0-908F-835B13AD6E6B}.Release|Any CPU.ActiveCfg = Release|Any CPU
		{E4573834-3184-83D0-908F-835B13AD6E6B}.Release|Any CPU.Build.0 = Release|Any CPU
		{2004ED8E-AC5C-1502-BC17-A21ECC507CF6}.Debug|Any CPU.ActiveCfg = Debug|Any CPU
		{2004ED8E-AC5C-1502-BC17-A21ECC507CF6}.Debug|Any CPU.Build.0 = Debug|Any CPU
		{2004ED8E-AC5C-1502-BC17-A21ECC507CF6}.Release|Any CPU.ActiveCfg = Release|Any CPU
		{2004ED8E-AC5C-1502-BC17-A21ECC507CF6}.Release|Any CPU.Build.0 = Release|Any CPU
		{DF60B3C7-F828-7450-B950-32DC6C01847C}.Debug|Any CPU.ActiveCfg = Debug|Any CPU
		{DF60B3C7-F828-7450-B950-32DC6C01847C}.Debug|Any CPU.Build.0 = Debug|Any CPU
		{DF60B3C7-F828-7450-B950-32DC6C01847C}.Release|Any CPU.ActiveCfg = Release|Any CPU
		{DF60B3C7-F828-7450-B950-32DC6C01847C}.Release|Any CPU.Build.0 = Release|Any CPU
		{0929F54D-E53B-ACC5-C5E0-D0AFECA72672}.Debug|Any CPU.ActiveCfg = Debug|Any CPU
		{0929F54D-E53B-ACC5-C5E0-D0AFECA72672}.Debug|Any CPU.Build.0 = Debug|Any CPU
		{0929F54D-E53B-ACC5-C5E0-D0AFECA72672}.Release|Any CPU.ActiveCfg = Release|Any CPU
		{0929F54D-E53B-ACC5-C5E0-D0AFECA72672}.Release|Any CPU.Build.0 = Release|Any CPU
		{3E4A4395-1DCD-D548-2003-BF5B44678FB1}.Debug|Any CPU.ActiveCfg = Debug|Any CPU
		{3E4A4395-1DCD-D548-2003-BF5B44678FB1}.Debug|Any CPU.Build.0 = Debug|Any CPU
		{3E4A4395-1DCD-D548-2003-BF5B44678FB1}.Release|Any CPU.ActiveCfg = Release|Any CPU
		{3E4A4395-1DCD-D548-2003-BF5B44678FB1}.Release|Any CPU.Build.0 = Release|Any CPU
		{001A1688-D78B-D243-3D30-481363D80F35}.Debug|Any CPU.ActiveCfg = Debug|Any CPU
		{001A1688-D78B-D243-3D30-481363D80F35}.Debug|Any CPU.Build.0 = Debug|Any CPU
		{001A1688-D78B-D243-3D30-481363D80F35}.Release|Any CPU.ActiveCfg = Release|Any CPU
		{001A1688-D78B-D243-3D30-481363D80F35}.Release|Any CPU.Build.0 = Release|Any CPU
		{37A78801-9248-CD8A-4D18-A3618A6077CD}.Debug|Any CPU.ActiveCfg = Debug|Any CPU
		{37A78801-9248-CD8A-4D18-A3618A6077CD}.Debug|Any CPU.Build.0 = Debug|Any CPU
		{37A78801-9248-CD8A-4D18-A3618A6077CD}.Release|Any CPU.ActiveCfg = Release|Any CPU
		{37A78801-9248-CD8A-4D18-A3618A6077CD}.Release|Any CPU.Build.0 = Release|Any CPU
		{BC786D4A-695B-B641-5A1C-A7CCE7A4C44B}.Debug|Any CPU.ActiveCfg = Debug|Any CPU
		{BC786D4A-695B-B641-5A1C-A7CCE7A4C44B}.Debug|Any CPU.Build.0 = Debug|Any CPU
		{BC786D4A-695B-B641-5A1C-A7CCE7A4C44B}.Release|Any CPU.ActiveCfg = Release|Any CPU
		{BC786D4A-695B-B641-5A1C-A7CCE7A4C44B}.Release|Any CPU.Build.0 = Release|Any CPU
		{C391D3AC-F54E-1A88-2F9B-A7E2FCBEFBF6}.Debug|Any CPU.ActiveCfg = Debug|Any CPU
		{C391D3AC-F54E-1A88-2F9B-A7E2FCBEFBF6}.Debug|Any CPU.Build.0 = Debug|Any CPU
		{C391D3AC-F54E-1A88-2F9B-A7E2FCBEFBF6}.Release|Any CPU.ActiveCfg = Release|Any CPU
		{C391D3AC-F54E-1A88-2F9B-A7E2FCBEFBF6}.Release|Any CPU.Build.0 = Release|Any CPU
		{AE3574B9-F794-6D14-4089-B2346F67AC48}.Debug|Any CPU.ActiveCfg = Debug|Any CPU
		{AE3574B9-F794-6D14-4089-B2346F67AC48}.Debug|Any CPU.Build.0 = Debug|Any CPU
		{AE3574B9-F794-6D14-4089-B2346F67AC48}.Release|Any CPU.ActiveCfg = Release|Any CPU
		{AE3574B9-F794-6D14-4089-B2346F67AC48}.Release|Any CPU.Build.0 = Release|Any CPU
		{C85102F5-5104-72ED-978C-58936BA3E349}.Debug|Any CPU.ActiveCfg = Debug|Any CPU
		{C85102F5-5104-72ED-978C-58936BA3E349}.Debug|Any CPU.Build.0 = Debug|Any CPU
		{C85102F5-5104-72ED-978C-58936BA3E349}.Release|Any CPU.ActiveCfg = Release|Any CPU
		{C85102F5-5104-72ED-978C-58936BA3E349}.Release|Any CPU.Build.0 = Release|Any CPU
		{ECEDF2C4-431E-5694-9FB3-F8EC894748C9}.Debug|Any CPU.ActiveCfg = Debug|Any CPU
		{ECEDF2C4-431E-5694-9FB3-F8EC894748C9}.Debug|Any CPU.Build.0 = Debug|Any CPU
		{ECEDF2C4-431E-5694-9FB3-F8EC894748C9}.Release|Any CPU.ActiveCfg = Release|Any CPU
		{ECEDF2C4-431E-5694-9FB3-F8EC894748C9}.Release|Any CPU.Build.0 = Release|Any CPU
		{BD4E39FD-9B69-8834-CDEA-5E972BC4E404}.Debug|Any CPU.ActiveCfg = Debug|Any CPU
		{BD4E39FD-9B69-8834-CDEA-5E972BC4E404}.Debug|Any CPU.Build.0 = Debug|Any CPU
		{BD4E39FD-9B69-8834-CDEA-5E972BC4E404}.Release|Any CPU.ActiveCfg = Release|Any CPU
		{BD4E39FD-9B69-8834-CDEA-5E972BC4E404}.Release|Any CPU.Build.0 = Release|Any CPU
		{75184861-B20D-A2AF-AD33-162D34CD994B}.Debug|Any CPU.ActiveCfg = Debug|Any CPU
		{75184861-B20D-A2AF-AD33-162D34CD994B}.Debug|Any CPU.Build.0 = Debug|Any CPU
		{75184861-B20D-A2AF-AD33-162D34CD994B}.Release|Any CPU.ActiveCfg = Release|Any CPU
		{75184861-B20D-A2AF-AD33-162D34CD994B}.Release|Any CPU.Build.0 = Release|Any CPU
		{57BC123E-C731-C9CB-D16A-EBD0C3F84EC1}.Debug|Any CPU.ActiveCfg = Debug|Any CPU
		{57BC123E-C731-C9CB-D16A-EBD0C3F84EC1}.Debug|Any CPU.Build.0 = Debug|Any CPU
		{57BC123E-C731-C9CB-D16A-EBD0C3F84EC1}.Release|Any CPU.ActiveCfg = Release|Any CPU
		{57BC123E-C731-C9CB-D16A-EBD0C3F84EC1}.Release|Any CPU.Build.0 = Release|Any CPU
		{3AAA55B3-BD1F-C3BC-E8CA-CCF7D5EC0B96}.Debug|Any CPU.ActiveCfg = Debug|Any CPU
		{3AAA55B3-BD1F-C3BC-E8CA-CCF7D5EC0B96}.Debug|Any CPU.Build.0 = Debug|Any CPU
		{3AAA55B3-BD1F-C3BC-E8CA-CCF7D5EC0B96}.Release|Any CPU.ActiveCfg = Release|Any CPU
		{3AAA55B3-BD1F-C3BC-E8CA-CCF7D5EC0B96}.Release|Any CPU.Build.0 = Release|Any CPU
		{7E3A0967-EEE6-FD0D-B2B6-064DAF22C9D7}.Debug|Any CPU.ActiveCfg = Debug|Any CPU
		{7E3A0967-EEE6-FD0D-B2B6-064DAF22C9D7}.Debug|Any CPU.Build.0 = Debug|Any CPU
		{7E3A0967-EEE6-FD0D-B2B6-064DAF22C9D7}.Release|Any CPU.ActiveCfg = Release|Any CPU
		{7E3A0967-EEE6-FD0D-B2B6-064DAF22C9D7}.Release|Any CPU.Build.0 = Release|Any CPU
		{36166F7A-7859-CC5F-313B-B02EB6A22C71}.Debug|Any CPU.ActiveCfg = Debug|Any CPU
		{36166F7A-7859-CC5F-313B-B02EB6A22C71}.Debug|Any CPU.Build.0 = Debug|Any CPU
		{36166F7A-7859-CC5F-313B-B02EB6A22C71}.Release|Any CPU.ActiveCfg = Release|Any CPU
		{36166F7A-7859-CC5F-313B-B02EB6A22C71}.Release|Any CPU.Build.0 = Release|Any CPU
		{AAE410DB-F70A-DA6E-3141-EB6AC96B7D17}.Debug|Any CPU.ActiveCfg = Debug|Any CPU
		{AAE410DB-F70A-DA6E-3141-EB6AC96B7D17}.Debug|Any CPU.Build.0 = Debug|Any CPU
		{AAE410DB-F70A-DA6E-3141-EB6AC96B7D17}.Release|Any CPU.ActiveCfg = Release|Any CPU
		{AAE410DB-F70A-DA6E-3141-EB6AC96B7D17}.Release|Any CPU.Build.0 = Release|Any CPU
		{82FAC1D9-ED3B-BACF-04C0-906527003403}.Debug|Any CPU.ActiveCfg = Debug|Any CPU
		{82FAC1D9-ED3B-BACF-04C0-906527003403}.Debug|Any CPU.Build.0 = Debug|Any CPU
		{82FAC1D9-ED3B-BACF-04C0-906527003403}.Release|Any CPU.ActiveCfg = Release|Any CPU
		{82FAC1D9-ED3B-BACF-04C0-906527003403}.Release|Any CPU.Build.0 = Release|Any CPU
		{832821F6-CF10-6BEE-EE08-8C1CE0739494}.Debug|Any CPU.ActiveCfg = Debug|Any CPU
		{832821F6-CF10-6BEE-EE08-8C1CE0739494}.Debug|Any CPU.Build.0 = Debug|Any CPU
		{832821F6-CF10-6BEE-EE08-8C1CE0739494}.Release|Any CPU.ActiveCfg = Release|Any CPU
		{832821F6-CF10-6BEE-EE08-8C1CE0739494}.Release|Any CPU.Build.0 = Release|Any CPU
		{060A7B82-C961-CC5B-589D-EBA59AFF4A7D}.Debug|Any CPU.ActiveCfg = Debug|Any CPU
		{060A7B82-C961-CC5B-589D-EBA59AFF4A7D}.Debug|Any CPU.Build.0 = Debug|Any CPU
		{060A7B82-C961-CC5B-589D-EBA59AFF4A7D}.Release|Any CPU.ActiveCfg = Release|Any CPU
		{060A7B82-C961-CC5B-589D-EBA59AFF4A7D}.Release|Any CPU.Build.0 = Release|Any CPU
		{395A8662-F05B-0A79-3B7F-3350BDC40476}.Debug|Any CPU.ActiveCfg = Debug|Any CPU
		{395A8662-F05B-0A79-3B7F-3350BDC40476}.Debug|Any CPU.Build.0 = Debug|Any CPU
		{395A8662-F05B-0A79-3B7F-3350BDC40476}.Release|Any CPU.ActiveCfg = Release|Any CPU
		{395A8662-F05B-0A79-3B7F-3350BDC40476}.Release|Any CPU.Build.0 = Release|Any CPU
		{DEAD5213-6CE6-6DA7-9E7E-C9A0332F301B}.Debug|Any CPU.ActiveCfg = Debug|Any CPU
		{DEAD5213-6CE6-6DA7-9E7E-C9A0332F301B}.Debug|Any CPU.Build.0 = Debug|Any CPU
		{DEAD5213-6CE6-6DA7-9E7E-C9A0332F301B}.Release|Any CPU.ActiveCfg = Release|Any CPU
		{DEAD5213-6CE6-6DA7-9E7E-C9A0332F301B}.Release|Any CPU.Build.0 = Release|Any CPU
		{6D5041D8-542E-2BF2-5016-BD9FF053AF0B}.Debug|Any CPU.ActiveCfg = Debug|Any CPU
		{6D5041D8-542E-2BF2-5016-BD9FF053AF0B}.Debug|Any CPU.Build.0 = Debug|Any CPU
		{6D5041D8-542E-2BF2-5016-BD9FF053AF0B}.Release|Any CPU.ActiveCfg = Release|Any CPU
		{6D5041D8-542E-2BF2-5016-BD9FF053AF0B}.Release|Any CPU.Build.0 = Release|Any CPU
		{FA551B6C-0A2F-DAD0-1272-7E87691EA41E}.Debug|Any CPU.ActiveCfg = Debug|Any CPU
		{FA551B6C-0A2F-DAD0-1272-7E87691EA41E}.Debug|Any CPU.Build.0 = Debug|Any CPU
		{FA551B6C-0A2F-DAD0-1272-7E87691EA41E}.Release|Any CPU.ActiveCfg = Release|Any CPU
		{FA551B6C-0A2F-DAD0-1272-7E87691EA41E}.Release|Any CPU.Build.0 = Release|Any CPU
		{B7201F21-B615-7156-3FFF-1F39621A36E8}.Debug|Any CPU.ActiveCfg = Debug|Any CPU
		{B7201F21-B615-7156-3FFF-1F39621A36E8}.Debug|Any CPU.Build.0 = Debug|Any CPU
		{B7201F21-B615-7156-3FFF-1F39621A36E8}.Release|Any CPU.ActiveCfg = Release|Any CPU
		{B7201F21-B615-7156-3FFF-1F39621A36E8}.Release|Any CPU.Build.0 = Release|Any CPU
		{D70F355F-A37E-BC15-6908-0F892F37A6C0}.Debug|Any CPU.ActiveCfg = Debug|Any CPU
		{D70F355F-A37E-BC15-6908-0F892F37A6C0}.Debug|Any CPU.Build.0 = Debug|Any CPU
		{D70F355F-A37E-BC15-6908-0F892F37A6C0}.Release|Any CPU.ActiveCfg = Release|Any CPU
		{D70F355F-A37E-BC15-6908-0F892F37A6C0}.Release|Any CPU.Build.0 = Release|Any CPU
		{34719E09-DAD8-A054-4107-B7816C484B79}.Debug|Any CPU.ActiveCfg = Debug|Any CPU
		{34719E09-DAD8-A054-4107-B7816C484B79}.Debug|Any CPU.Build.0 = Debug|Any CPU
		{34719E09-DAD8-A054-4107-B7816C484B79}.Release|Any CPU.ActiveCfg = Release|Any CPU
		{34719E09-DAD8-A054-4107-B7816C484B79}.Release|Any CPU.Build.0 = Release|Any CPU
		{0C9F5C2F-1C17-74E4-0D3A-01B9987B882A}.Debug|Any CPU.ActiveCfg = Debug|Any CPU
		{0C9F5C2F-1C17-74E4-0D3A-01B9987B882A}.Debug|Any CPU.Build.0 = Debug|Any CPU
		{0C9F5C2F-1C17-74E4-0D3A-01B9987B882A}.Release|Any CPU.ActiveCfg = Release|Any CPU
		{0C9F5C2F-1C17-74E4-0D3A-01B9987B882A}.Release|Any CPU.Build.0 = Release|Any CPU
		{9CBFE095-DE39-8B41-6217-58AD008A765C}.Debug|Any CPU.ActiveCfg = Debug|Any CPU
		{9CBFE095-DE39-8B41-6217-58AD008A765C}.Debug|Any CPU.Build.0 = Debug|Any CPU
		{9CBFE095-DE39-8B41-6217-58AD008A765C}.Release|Any CPU.ActiveCfg = Release|Any CPU
		{9CBFE095-DE39-8B41-6217-58AD008A765C}.Release|Any CPU.Build.0 = Release|Any CPU
		{0C824FF5-1544-271B-4B46-93920DD6889F}.Debug|Any CPU.ActiveCfg = Debug|Any CPU
		{0C824FF5-1544-271B-4B46-93920DD6889F}.Debug|Any CPU.Build.0 = Debug|Any CPU
		{0C824FF5-1544-271B-4B46-93920DD6889F}.Release|Any CPU.ActiveCfg = Release|Any CPU
		{0C824FF5-1544-271B-4B46-93920DD6889F}.Release|Any CPU.Build.0 = Release|Any CPU
		{F36D8D29-5A2D-C771-9A4E-ECADE111CBEF}.Debug|Any CPU.ActiveCfg = Debug|Any CPU
		{F36D8D29-5A2D-C771-9A4E-ECADE111CBEF}.Debug|Any CPU.Build.0 = Debug|Any CPU
		{F36D8D29-5A2D-C771-9A4E-ECADE111CBEF}.Release|Any CPU.ActiveCfg = Release|Any CPU
		{F36D8D29-5A2D-C771-9A4E-ECADE111CBEF}.Release|Any CPU.Build.0 = Release|Any CPU
		{95E9DDC3-5DC5-FF45-AAD7-D532B1BC304C}.Debug|Any CPU.ActiveCfg = Debug|Any CPU
		{95E9DDC3-5DC5-FF45-AAD7-D532B1BC304C}.Debug|Any CPU.Build.0 = Debug|Any CPU
		{95E9DDC3-5DC5-FF45-AAD7-D532B1BC304C}.Release|Any CPU.ActiveCfg = Release|Any CPU
		{95E9DDC3-5DC5-FF45-AAD7-D532B1BC304C}.Release|Any CPU.Build.0 = Release|Any CPU
		{C9C566C7-018F-C829-12D1-FF28BFF97930}.Debug|Any CPU.ActiveCfg = Debug|Any CPU
		{C9C566C7-018F-C829-12D1-FF28BFF97930}.Debug|Any CPU.Build.0 = Debug|Any CPU
		{C9C566C7-018F-C829-12D1-FF28BFF97930}.Release|Any CPU.ActiveCfg = Release|Any CPU
		{C9C566C7-018F-C829-12D1-FF28BFF97930}.Release|Any CPU.Build.0 = Release|Any CPU
		{84E88BF4-4813-0A1F-2205-6BBC972233E4}.Debug|Any CPU.ActiveCfg = Debug|Any CPU
		{84E88BF4-4813-0A1F-2205-6BBC972233E4}.Debug|Any CPU.Build.0 = Debug|Any CPU
		{84E88BF4-4813-0A1F-2205-6BBC972233E4}.Release|Any CPU.ActiveCfg = Release|Any CPU
		{84E88BF4-4813-0A1F-2205-6BBC972233E4}.Release|Any CPU.Build.0 = Release|Any CPU
		{BB93E826-0F6A-045B-EDF7-0CABF681B0CA}.Debug|Any CPU.ActiveCfg = Debug|Any CPU
		{BB93E826-0F6A-045B-EDF7-0CABF681B0CA}.Debug|Any CPU.Build.0 = Debug|Any CPU
		{BB93E826-0F6A-045B-EDF7-0CABF681B0CA}.Release|Any CPU.ActiveCfg = Release|Any CPU
		{BB93E826-0F6A-045B-EDF7-0CABF681B0CA}.Release|Any CPU.Build.0 = Release|Any CPU
		{9E847D24-F169-6A57-A348-E56B8CBE32FD}.Debug|Any CPU.ActiveCfg = Debug|Any CPU
		{9E847D24-F169-6A57-A348-E56B8CBE32FD}.Debug|Any CPU.Build.0 = Debug|Any CPU
		{9E847D24-F169-6A57-A348-E56B8CBE32FD}.Release|Any CPU.ActiveCfg = Release|Any CPU
		{9E847D24-F169-6A57-A348-E56B8CBE32FD}.Release|Any CPU.Build.0 = Release|Any CPU
		{2F217E51-115D-5232-3E8B-078DD5451416}.Debug|Any CPU.ActiveCfg = Debug|Any CPU
		{2F217E51-115D-5232-3E8B-078DD5451416}.Debug|Any CPU.Build.0 = Debug|Any CPU
		{2F217E51-115D-5232-3E8B-078DD5451416}.Release|Any CPU.ActiveCfg = Release|Any CPU
		{2F217E51-115D-5232-3E8B-078DD5451416}.Release|Any CPU.Build.0 = Release|Any CPU
		{504AC807-F2C1-C7D3-7F14-A35125C89720}.Debug|Any CPU.ActiveCfg = Debug|Any CPU
		{504AC807-F2C1-C7D3-7F14-A35125C89720}.Debug|Any CPU.Build.0 = Debug|Any CPU
		{504AC807-F2C1-C7D3-7F14-A35125C89720}.Release|Any CPU.ActiveCfg = Release|Any CPU
		{504AC807-F2C1-C7D3-7F14-A35125C89720}.Release|Any CPU.Build.0 = Release|Any CPU
		{3E9E3DB5-4290-D6D4-0BDC-C572CBBA276F}.Debug|Any CPU.ActiveCfg = Debug|Any CPU
		{3E9E3DB5-4290-D6D4-0BDC-C572CBBA276F}.Debug|Any CPU.Build.0 = Debug|Any CPU
		{3E9E3DB5-4290-D6D4-0BDC-C572CBBA276F}.Release|Any CPU.ActiveCfg = Release|Any CPU
		{3E9E3DB5-4290-D6D4-0BDC-C572CBBA276F}.Release|Any CPU.Build.0 = Release|Any CPU
		{C0DC79A2-93CE-6C19-CB3F-1172336FCD95}.Debug|Any CPU.ActiveCfg = Debug|Any CPU
		{C0DC79A2-93CE-6C19-CB3F-1172336FCD95}.Debug|Any CPU.Build.0 = Debug|Any CPU
		{C0DC79A2-93CE-6C19-CB3F-1172336FCD95}.Release|Any CPU.ActiveCfg = Release|Any CPU
		{C0DC79A2-93CE-6C19-CB3F-1172336FCD95}.Release|Any CPU.Build.0 = Release|Any CPU
		{A47A3694-CE98-AAE2-A891-BE3F3760C1E5}.Debug|Any CPU.ActiveCfg = Debug|Any CPU
		{A47A3694-CE98-AAE2-A891-BE3F3760C1E5}.Debug|Any CPU.Build.0 = Debug|Any CPU
		{A47A3694-CE98-AAE2-A891-BE3F3760C1E5}.Release|Any CPU.ActiveCfg = Release|Any CPU
		{A47A3694-CE98-AAE2-A891-BE3F3760C1E5}.Release|Any CPU.Build.0 = Release|Any CPU
		{D044471F-40A1-38AA-6861-761E352CBB88}.Debug|Any CPU.ActiveCfg = Debug|Any CPU
		{D044471F-40A1-38AA-6861-761E352CBB88}.Debug|Any CPU.Build.0 = Debug|Any CPU
		{D044471F-40A1-38AA-6861-761E352CBB88}.Release|Any CPU.ActiveCfg = Release|Any CPU
		{D044471F-40A1-38AA-6861-761E352CBB88}.Release|Any CPU.Build.0 = Release|Any CPU
		{D82779B9-3FDB-A66B-C1F7-604939072049}.Debug|Any CPU.ActiveCfg = Debug|Any CPU
		{D82779B9-3FDB-A66B-C1F7-604939072049}.Debug|Any CPU.Build.0 = Debug|Any CPU
		{D82779B9-3FDB-A66B-C1F7-604939072049}.Release|Any CPU.ActiveCfg = Release|Any CPU
		{D82779B9-3FDB-A66B-C1F7-604939072049}.Release|Any CPU.Build.0 = Release|Any CPU
		{2A89D6C9-0262-B811-CFBE-788844F15699}.Debug|Any CPU.ActiveCfg = Debug|Any CPU
		{2A89D6C9-0262-B811-CFBE-788844F15699}.Debug|Any CPU.Build.0 = Debug|Any CPU
		{2A89D6C9-0262-B811-CFBE-788844F15699}.Release|Any CPU.ActiveCfg = Release|Any CPU
		{2A89D6C9-0262-B811-CFBE-788844F15699}.Release|Any CPU.Build.0 = Release|Any CPU
		{EC5B8831-3C46-E16A-863B-66256B941C41}.Debug|Any CPU.ActiveCfg = Debug|Any CPU
		{EC5B8831-3C46-E16A-863B-66256B941C41}.Debug|Any CPU.Build.0 = Debug|Any CPU
		{EC5B8831-3C46-E16A-863B-66256B941C41}.Release|Any CPU.ActiveCfg = Release|Any CPU
		{EC5B8831-3C46-E16A-863B-66256B941C41}.Release|Any CPU.Build.0 = Release|Any CPU
		{87EB22F5-699A-53A1-3850-DC008162317B}.Debug|Any CPU.ActiveCfg = Debug|Any CPU
		{87EB22F5-699A-53A1-3850-DC008162317B}.Debug|Any CPU.Build.0 = Debug|Any CPU
		{87EB22F5-699A-53A1-3850-DC008162317B}.Release|Any CPU.ActiveCfg = Release|Any CPU
		{87EB22F5-699A-53A1-3850-DC008162317B}.Release|Any CPU.Build.0 = Release|Any CPU
		{D2BA8C81-8C8D-F5F6-70D1-29DD1FCC0E3F}.Debug|Any CPU.ActiveCfg = Debug|Any CPU
		{D2BA8C81-8C8D-F5F6-70D1-29DD1FCC0E3F}.Debug|Any CPU.Build.0 = Debug|Any CPU
		{D2BA8C81-8C8D-F5F6-70D1-29DD1FCC0E3F}.Release|Any CPU.ActiveCfg = Release|Any CPU
		{D2BA8C81-8C8D-F5F6-70D1-29DD1FCC0E3F}.Release|Any CPU.Build.0 = Release|Any CPU
		{E2790696-9F7E-8902-E7BE-9A0762D6C057}.Debug|Any CPU.ActiveCfg = Debug|Any CPU
		{E2790696-9F7E-8902-E7BE-9A0762D6C057}.Debug|Any CPU.Build.0 = Debug|Any CPU
		{E2790696-9F7E-8902-E7BE-9A0762D6C057}.Release|Any CPU.ActiveCfg = Release|Any CPU
		{E2790696-9F7E-8902-E7BE-9A0762D6C057}.Release|Any CPU.Build.0 = Release|Any CPU
		{16450357-93B2-CF92-927F-320CD6A6531E}.Debug|Any CPU.ActiveCfg = Debug|Any CPU
		{16450357-93B2-CF92-927F-320CD6A6531E}.Debug|Any CPU.Build.0 = Debug|Any CPU
		{16450357-93B2-CF92-927F-320CD6A6531E}.Release|Any CPU.ActiveCfg = Release|Any CPU
		{16450357-93B2-CF92-927F-320CD6A6531E}.Release|Any CPU.Build.0 = Release|Any CPU
		{1CEACCEE-5BE4-A1FB-98AD-72AEB0BC743F}.Debug|Any CPU.ActiveCfg = Debug|Any CPU
		{1CEACCEE-5BE4-A1FB-98AD-72AEB0BC743F}.Debug|Any CPU.Build.0 = Debug|Any CPU
		{1CEACCEE-5BE4-A1FB-98AD-72AEB0BC743F}.Release|Any CPU.ActiveCfg = Release|Any CPU
		{1CEACCEE-5BE4-A1FB-98AD-72AEB0BC743F}.Release|Any CPU.Build.0 = Release|Any CPU
		{2D41B3E3-0662-3B0B-94D2-BA269BB92502}.Debug|Any CPU.ActiveCfg = Debug|Any CPU
		{2D41B3E3-0662-3B0B-94D2-BA269BB92502}.Debug|Any CPU.Build.0 = Debug|Any CPU
		{2D41B3E3-0662-3B0B-94D2-BA269BB92502}.Release|Any CPU.ActiveCfg = Release|Any CPU
		{2D41B3E3-0662-3B0B-94D2-BA269BB92502}.Release|Any CPU.Build.0 = Release|Any CPU
		{1DF8A5F5-A6AF-E6AE-236B-8D8461A5E0A8}.Debug|Any CPU.ActiveCfg = Debug|Any CPU
		{1DF8A5F5-A6AF-E6AE-236B-8D8461A5E0A8}.Debug|Any CPU.Build.0 = Debug|Any CPU
		{1DF8A5F5-A6AF-E6AE-236B-8D8461A5E0A8}.Release|Any CPU.ActiveCfg = Release|Any CPU
		{1DF8A5F5-A6AF-E6AE-236B-8D8461A5E0A8}.Release|Any CPU.Build.0 = Release|Any CPU
		{14ACAC8A-4E92-26C5-CCE7-1AD45025A848}.Debug|Any CPU.ActiveCfg = Debug|Any CPU
		{14ACAC8A-4E92-26C5-CCE7-1AD45025A848}.Debug|Any CPU.Build.0 = Debug|Any CPU
		{14ACAC8A-4E92-26C5-CCE7-1AD45025A848}.Release|Any CPU.ActiveCfg = Release|Any CPU
		{14ACAC8A-4E92-26C5-CCE7-1AD45025A848}.Release|Any CPU.Build.0 = Release|Any CPU
		{2E5A6BD3-A74E-67B6-11E3-7A5B5F1BFCED}.Debug|Any CPU.ActiveCfg = Debug|Any CPU
		{2E5A6BD3-A74E-67B6-11E3-7A5B5F1BFCED}.Debug|Any CPU.Build.0 = Debug|Any CPU
		{2E5A6BD3-A74E-67B6-11E3-7A5B5F1BFCED}.Release|Any CPU.ActiveCfg = Release|Any CPU
		{2E5A6BD3-A74E-67B6-11E3-7A5B5F1BFCED}.Release|Any CPU.Build.0 = Release|Any CPU
		{5FFC18EA-80F7-870F-70A9-5272398E0871}.Debug|Any CPU.ActiveCfg = Debug|Any CPU
		{5FFC18EA-80F7-870F-70A9-5272398E0871}.Debug|Any CPU.Build.0 = Debug|Any CPU
		{5FFC18EA-80F7-870F-70A9-5272398E0871}.Release|Any CPU.ActiveCfg = Release|Any CPU
		{5FFC18EA-80F7-870F-70A9-5272398E0871}.Release|Any CPU.Build.0 = Release|Any CPU
		{06DF87B2-2714-E282-B0A9-0CBAFAF6305E}.Debug|Any CPU.ActiveCfg = Debug|Any CPU
		{06DF87B2-2714-E282-B0A9-0CBAFAF6305E}.Debug|Any CPU.Build.0 = Debug|Any CPU
		{06DF87B2-2714-E282-B0A9-0CBAFAF6305E}.Release|Any CPU.ActiveCfg = Release|Any CPU
		{06DF87B2-2714-E282-B0A9-0CBAFAF6305E}.Release|Any CPU.Build.0 = Release|Any CPU
		{C684F4E1-A9AF-A230-143B-E476595C74DD}.Debug|Any CPU.ActiveCfg = Debug|Any CPU
		{C684F4E1-A9AF-A230-143B-E476595C74DD}.Debug|Any CPU.Build.0 = Debug|Any CPU
		{C684F4E1-A9AF-A230-143B-E476595C74DD}.Release|Any CPU.ActiveCfg = Release|Any CPU
		{C684F4E1-A9AF-A230-143B-E476595C74DD}.Release|Any CPU.Build.0 = Release|Any CPU
		{8FCD2D86-3C26-871D-A1B6-C1228C56DCC2}.Debug|Any CPU.ActiveCfg = Debug|Any CPU
		{8FCD2D86-3C26-871D-A1B6-C1228C56DCC2}.Debug|Any CPU.Build.0 = Debug|Any CPU
		{8FCD2D86-3C26-871D-A1B6-C1228C56DCC2}.Release|Any CPU.ActiveCfg = Release|Any CPU
		{8FCD2D86-3C26-871D-A1B6-C1228C56DCC2}.Release|Any CPU.Build.0 = Release|Any CPU
		{186A1BD5-1F37-D2A6-5EA1-08544C74D568}.Debug|Any CPU.ActiveCfg = Debug|Any CPU
		{186A1BD5-1F37-D2A6-5EA1-08544C74D568}.Debug|Any CPU.Build.0 = Debug|Any CPU
		{186A1BD5-1F37-D2A6-5EA1-08544C74D568}.Release|Any CPU.ActiveCfg = Release|Any CPU
		{186A1BD5-1F37-D2A6-5EA1-08544C74D568}.Release|Any CPU.Build.0 = Release|Any CPU
		{9A877F26-917F-21E7-A306-B243AD420CD4}.Debug|Any CPU.ActiveCfg = Debug|Any CPU
		{9A877F26-917F-21E7-A306-B243AD420CD4}.Debug|Any CPU.Build.0 = Debug|Any CPU
		{9A877F26-917F-21E7-A306-B243AD420CD4}.Release|Any CPU.ActiveCfg = Release|Any CPU
		{9A877F26-917F-21E7-A306-B243AD420CD4}.Release|Any CPU.Build.0 = Release|Any CPU
		{4EC8C65B-6524-A149-5DB4-44B48A920BC1}.Debug|Any CPU.ActiveCfg = Debug|Any CPU
		{4EC8C65B-6524-A149-5DB4-44B48A920BC1}.Debug|Any CPU.Build.0 = Debug|Any CPU
		{4EC8C65B-6524-A149-5DB4-44B48A920BC1}.Release|Any CPU.ActiveCfg = Release|Any CPU
		{4EC8C65B-6524-A149-5DB4-44B48A920BC1}.Release|Any CPU.Build.0 = Release|Any CPU
		{45AE07FB-C141-7853-8911-17C75E25086D}.Debug|Any CPU.ActiveCfg = Debug|Any CPU
		{45AE07FB-C141-7853-8911-17C75E25086D}.Debug|Any CPU.Build.0 = Debug|Any CPU
		{45AE07FB-C141-7853-8911-17C75E25086D}.Release|Any CPU.ActiveCfg = Release|Any CPU
		{45AE07FB-C141-7853-8911-17C75E25086D}.Release|Any CPU.Build.0 = Release|Any CPU
		{922E097C-A4F1-AA5F-2FE5-7FDE7F600654}.Debug|Any CPU.ActiveCfg = Debug|Any CPU
		{922E097C-A4F1-AA5F-2FE5-7FDE7F600654}.Debug|Any CPU.Build.0 = Debug|Any CPU
		{922E097C-A4F1-AA5F-2FE5-7FDE7F600654}.Release|Any CPU.ActiveCfg = Release|Any CPU
		{922E097C-A4F1-AA5F-2FE5-7FDE7F600654}.Release|Any CPU.Build.0 = Release|Any CPU
		{98991635-A09E-FCDB-3CFE-4E902897C5F0}.Debug|Any CPU.ActiveCfg = Debug|Any CPU
		{98991635-A09E-FCDB-3CFE-4E902897C5F0}.Debug|Any CPU.Build.0 = Debug|Any CPU
		{98991635-A09E-FCDB-3CFE-4E902897C5F0}.Release|Any CPU.ActiveCfg = Release|Any CPU
		{98991635-A09E-FCDB-3CFE-4E902897C5F0}.Release|Any CPU.Build.0 = Release|Any CPU
		{7DF34933-65B5-C05D-6F1B-D49C8F101D1D}.Debug|Any CPU.ActiveCfg = Debug|Any CPU
		{7DF34933-65B5-C05D-6F1B-D49C8F101D1D}.Debug|Any CPU.Build.0 = Debug|Any CPU
		{7DF34933-65B5-C05D-6F1B-D49C8F101D1D}.Release|Any CPU.ActiveCfg = Release|Any CPU
		{7DF34933-65B5-C05D-6F1B-D49C8F101D1D}.Release|Any CPU.Build.0 = Release|Any CPU
		{60D899C0-C64C-439D-068A-3FD2A8D7C20B}.Debug|Any CPU.ActiveCfg = Debug|Any CPU
		{60D899C0-C64C-439D-068A-3FD2A8D7C20B}.Debug|Any CPU.Build.0 = Debug|Any CPU
		{60D899C0-C64C-439D-068A-3FD2A8D7C20B}.Release|Any CPU.ActiveCfg = Release|Any CPU
		{60D899C0-C64C-439D-068A-3FD2A8D7C20B}.Release|Any CPU.Build.0 = Release|Any CPU
		{D05416CC-72CF-A7DF-64A9-DB8AC607A789}.Debug|Any CPU.ActiveCfg = Debug|Any CPU
		{D05416CC-72CF-A7DF-64A9-DB8AC607A789}.Debug|Any CPU.Build.0 = Debug|Any CPU
		{D05416CC-72CF-A7DF-64A9-DB8AC607A789}.Release|Any CPU.ActiveCfg = Release|Any CPU
		{D05416CC-72CF-A7DF-64A9-DB8AC607A789}.Release|Any CPU.Build.0 = Release|Any CPU
		{8D2A3624-9559-2DAD-674C-227470DA75B0}.Debug|Any CPU.ActiveCfg = Debug|Any CPU
		{8D2A3624-9559-2DAD-674C-227470DA75B0}.Debug|Any CPU.Build.0 = Debug|Any CPU
		{8D2A3624-9559-2DAD-674C-227470DA75B0}.Release|Any CPU.ActiveCfg = Release|Any CPU
		{8D2A3624-9559-2DAD-674C-227470DA75B0}.Release|Any CPU.Build.0 = Release|Any CPU
		{49C65BC9-3FAE-989D-6088-32A3916DBBFA}.Debug|Any CPU.ActiveCfg = Debug|Any CPU
		{49C65BC9-3FAE-989D-6088-32A3916DBBFA}.Debug|Any CPU.Build.0 = Debug|Any CPU
		{49C65BC9-3FAE-989D-6088-32A3916DBBFA}.Release|Any CPU.ActiveCfg = Release|Any CPU
		{49C65BC9-3FAE-989D-6088-32A3916DBBFA}.Release|Any CPU.Build.0 = Release|Any CPU
		{45262E0D-70FB-65F5-67D0-053B3E566C45}.Debug|Any CPU.ActiveCfg = Debug|Any CPU
		{45262E0D-70FB-65F5-67D0-053B3E566C45}.Debug|Any CPU.Build.0 = Debug|Any CPU
		{45262E0D-70FB-65F5-67D0-053B3E566C45}.Release|Any CPU.ActiveCfg = Release|Any CPU
		{45262E0D-70FB-65F5-67D0-053B3E566C45}.Release|Any CPU.Build.0 = Release|Any CPU
		{5D08265E-8EBF-EA04-455A-45413F72FDB0}.Debug|Any CPU.ActiveCfg = Debug|Any CPU
		{5D08265E-8EBF-EA04-455A-45413F72FDB0}.Debug|Any CPU.Build.0 = Debug|Any CPU
		{5D08265E-8EBF-EA04-455A-45413F72FDB0}.Release|Any CPU.ActiveCfg = Release|Any CPU
		{5D08265E-8EBF-EA04-455A-45413F72FDB0}.Release|Any CPU.Build.0 = Release|Any CPU
		{2E982026-385E-5671-95CD-DB83CDDFDAF2}.Debug|Any CPU.ActiveCfg = Debug|Any CPU
		{2E982026-385E-5671-95CD-DB83CDDFDAF2}.Debug|Any CPU.Build.0 = Debug|Any CPU
		{2E982026-385E-5671-95CD-DB83CDDFDAF2}.Release|Any CPU.ActiveCfg = Release|Any CPU
		{2E982026-385E-5671-95CD-DB83CDDFDAF2}.Release|Any CPU.Build.0 = Release|Any CPU
		{22086604-FB09-A160-0AAF-E6D08FC631A9}.Debug|Any CPU.ActiveCfg = Debug|Any CPU
		{22086604-FB09-A160-0AAF-E6D08FC631A9}.Debug|Any CPU.Build.0 = Debug|Any CPU
		{22086604-FB09-A160-0AAF-E6D08FC631A9}.Release|Any CPU.ActiveCfg = Release|Any CPU
		{22086604-FB09-A160-0AAF-E6D08FC631A9}.Release|Any CPU.Build.0 = Release|Any CPU
		{FEE6893A-7788-A50B-9ED9-BBA72BFC66FE}.Debug|Any CPU.ActiveCfg = Debug|Any CPU
		{FEE6893A-7788-A50B-9ED9-BBA72BFC66FE}.Debug|Any CPU.Build.0 = Debug|Any CPU
		{FEE6893A-7788-A50B-9ED9-BBA72BFC66FE}.Release|Any CPU.ActiveCfg = Release|Any CPU
		{FEE6893A-7788-A50B-9ED9-BBA72BFC66FE}.Release|Any CPU.Build.0 = Release|Any CPU
		{D2ECE1C4-5435-AC7B-7E2F-347D57120ABF}.Debug|Any CPU.ActiveCfg = Debug|Any CPU
		{D2ECE1C4-5435-AC7B-7E2F-347D57120ABF}.Debug|Any CPU.Build.0 = Debug|Any CPU
		{D2ECE1C4-5435-AC7B-7E2F-347D57120ABF}.Release|Any CPU.ActiveCfg = Release|Any CPU
		{D2ECE1C4-5435-AC7B-7E2F-347D57120ABF}.Release|Any CPU.Build.0 = Release|Any CPU
		{FEEB0570-5D6C-CF0B-25B1-D52CCD8BD0BD}.Debug|Any CPU.ActiveCfg = Debug|Any CPU
		{FEEB0570-5D6C-CF0B-25B1-D52CCD8BD0BD}.Debug|Any CPU.Build.0 = Debug|Any CPU
		{FEEB0570-5D6C-CF0B-25B1-D52CCD8BD0BD}.Release|Any CPU.ActiveCfg = Release|Any CPU
		{FEEB0570-5D6C-CF0B-25B1-D52CCD8BD0BD}.Release|Any CPU.Build.0 = Release|Any CPU
		{8CC10344-B707-FA6B-55C1-DA294C93812A}.Debug|Any CPU.ActiveCfg = Debug|Any CPU
		{8CC10344-B707-FA6B-55C1-DA294C93812A}.Debug|Any CPU.Build.0 = Debug|Any CPU
		{8CC10344-B707-FA6B-55C1-DA294C93812A}.Release|Any CPU.ActiveCfg = Release|Any CPU
		{8CC10344-B707-FA6B-55C1-DA294C93812A}.Release|Any CPU.Build.0 = Release|Any CPU
		{862B513E-9409-C3A5-0EB2-53FFFAF196F4}.Debug|Any CPU.ActiveCfg = Debug|Any CPU
		{862B513E-9409-C3A5-0EB2-53FFFAF196F4}.Debug|Any CPU.Build.0 = Debug|Any CPU
		{862B513E-9409-C3A5-0EB2-53FFFAF196F4}.Release|Any CPU.ActiveCfg = Release|Any CPU
		{862B513E-9409-C3A5-0EB2-53FFFAF196F4}.Release|Any CPU.Build.0 = Release|Any CPU
		{6FA2F9F7-DA82-7FD6-0EEA-4D5AE5B6EDC2}.Debug|Any CPU.ActiveCfg = Debug|Any CPU
		{6FA2F9F7-DA82-7FD6-0EEA-4D5AE5B6EDC2}.Debug|Any CPU.Build.0 = Debug|Any CPU
		{6FA2F9F7-DA82-7FD6-0EEA-4D5AE5B6EDC2}.Release|Any CPU.ActiveCfg = Release|Any CPU
		{6FA2F9F7-DA82-7FD6-0EEA-4D5AE5B6EDC2}.Release|Any CPU.Build.0 = Release|Any CPU
		{0B70E8B8-7405-6842-2A62-EF078BC14B16}.Debug|Any CPU.ActiveCfg = Debug|Any CPU
		{0B70E8B8-7405-6842-2A62-EF078BC14B16}.Debug|Any CPU.Build.0 = Debug|Any CPU
		{0B70E8B8-7405-6842-2A62-EF078BC14B16}.Release|Any CPU.ActiveCfg = Release|Any CPU
		{0B70E8B8-7405-6842-2A62-EF078BC14B16}.Release|Any CPU.Build.0 = Release|Any CPU
		{F7ED8937-CF00-993D-50DF-73234F919DDE}.Debug|Any CPU.ActiveCfg = Debug|Any CPU
		{F7ED8937-CF00-993D-50DF-73234F919DDE}.Debug|Any CPU.Build.0 = Debug|Any CPU
		{F7ED8937-CF00-993D-50DF-73234F919DDE}.Release|Any CPU.ActiveCfg = Release|Any CPU
		{F7ED8937-CF00-993D-50DF-73234F919DDE}.Release|Any CPU.Build.0 = Release|Any CPU
		{570B05E6-DC9E-1A3F-D897-A1DD8842F7A5}.Debug|Any CPU.ActiveCfg = Debug|Any CPU
		{570B05E6-DC9E-1A3F-D897-A1DD8842F7A5}.Debug|Any CPU.Build.0 = Debug|Any CPU
		{570B05E6-DC9E-1A3F-D897-A1DD8842F7A5}.Release|Any CPU.ActiveCfg = Release|Any CPU
		{570B05E6-DC9E-1A3F-D897-A1DD8842F7A5}.Release|Any CPU.Build.0 = Release|Any CPU
		{CF265FA4-4DD6-E06B-9C04-8B1594053412}.Debug|Any CPU.ActiveCfg = Debug|Any CPU
		{CF265FA4-4DD6-E06B-9C04-8B1594053412}.Debug|Any CPU.Build.0 = Debug|Any CPU
		{CF265FA4-4DD6-E06B-9C04-8B1594053412}.Release|Any CPU.ActiveCfg = Release|Any CPU
		{CF265FA4-4DD6-E06B-9C04-8B1594053412}.Release|Any CPU.Build.0 = Release|Any CPU
		{C454634F-93E5-BFD9-E1AA-25381784A8A8}.Debug|Any CPU.ActiveCfg = Debug|Any CPU
		{C454634F-93E5-BFD9-E1AA-25381784A8A8}.Debug|Any CPU.Build.0 = Debug|Any CPU
		{C454634F-93E5-BFD9-E1AA-25381784A8A8}.Release|Any CPU.ActiveCfg = Release|Any CPU
		{C454634F-93E5-BFD9-E1AA-25381784A8A8}.Release|Any CPU.Build.0 = Release|Any CPU
		{51DD9C6A-E98C-31BC-C9A2-61294B1129B9}.Debug|Any CPU.ActiveCfg = Debug|Any CPU
		{51DD9C6A-E98C-31BC-C9A2-61294B1129B9}.Debug|Any CPU.Build.0 = Debug|Any CPU
		{51DD9C6A-E98C-31BC-C9A2-61294B1129B9}.Release|Any CPU.ActiveCfg = Release|Any CPU
		{51DD9C6A-E98C-31BC-C9A2-61294B1129B9}.Release|Any CPU.Build.0 = Release|Any CPU
		{633268AD-D736-3858-C46F-9C4EC3010F2A}.Debug|Any CPU.ActiveCfg = Debug|Any CPU
		{633268AD-D736-3858-C46F-9C4EC3010F2A}.Debug|Any CPU.Build.0 = Debug|Any CPU
		{633268AD-D736-3858-C46F-9C4EC3010F2A}.Release|Any CPU.ActiveCfg = Release|Any CPU
		{633268AD-D736-3858-C46F-9C4EC3010F2A}.Release|Any CPU.Build.0 = Release|Any CPU
		{AEAC9A78-4F9E-0F12-0604-95DBD31E7472}.Debug|Any CPU.ActiveCfg = Debug|Any CPU
		{AEAC9A78-4F9E-0F12-0604-95DBD31E7472}.Debug|Any CPU.Build.0 = Debug|Any CPU
		{AEAC9A78-4F9E-0F12-0604-95DBD31E7472}.Release|Any CPU.ActiveCfg = Release|Any CPU
		{AEAC9A78-4F9E-0F12-0604-95DBD31E7472}.Release|Any CPU.Build.0 = Release|Any CPU
		{26919C38-9A84-783A-64EB-E35AB8DFE62D}.Debug|Any CPU.ActiveCfg = Debug|Any CPU
		{26919C38-9A84-783A-64EB-E35AB8DFE62D}.Debug|Any CPU.Build.0 = Debug|Any CPU
		{26919C38-9A84-783A-64EB-E35AB8DFE62D}.Release|Any CPU.ActiveCfg = Release|Any CPU
		{26919C38-9A84-783A-64EB-E35AB8DFE62D}.Release|Any CPU.Build.0 = Release|Any CPU
		{2368AF46-3B0A-174D-5AE6-94D745BA20AB}.Debug|Any CPU.ActiveCfg = Debug|Any CPU
		{2368AF46-3B0A-174D-5AE6-94D745BA20AB}.Debug|Any CPU.Build.0 = Debug|Any CPU
		{2368AF46-3B0A-174D-5AE6-94D745BA20AB}.Release|Any CPU.ActiveCfg = Release|Any CPU
		{2368AF46-3B0A-174D-5AE6-94D745BA20AB}.Release|Any CPU.Build.0 = Release|Any CPU
		{7161C779-B98F-0378-1987-4D994608515D}.Debug|Any CPU.ActiveCfg = Debug|Any CPU
		{7161C779-B98F-0378-1987-4D994608515D}.Debug|Any CPU.Build.0 = Debug|Any CPU
		{7161C779-B98F-0378-1987-4D994608515D}.Release|Any CPU.ActiveCfg = Release|Any CPU
		{7161C779-B98F-0378-1987-4D994608515D}.Release|Any CPU.Build.0 = Release|Any CPU
		{D4470929-39B3-21AB-952C-44FE0F2335ED}.Debug|Any CPU.ActiveCfg = Debug|Any CPU
		{D4470929-39B3-21AB-952C-44FE0F2335ED}.Debug|Any CPU.Build.0 = Debug|Any CPU
		{D4470929-39B3-21AB-952C-44FE0F2335ED}.Release|Any CPU.ActiveCfg = Release|Any CPU
		{D4470929-39B3-21AB-952C-44FE0F2335ED}.Release|Any CPU.Build.0 = Release|Any CPU
		{619DF48D-767E-44A1-8246-B036BF6EFCEC}.Debug|Any CPU.ActiveCfg = Debug|Any CPU
		{619DF48D-767E-44A1-8246-B036BF6EFCEC}.Debug|Any CPU.Build.0 = Debug|Any CPU
		{619DF48D-767E-44A1-8246-B036BF6EFCEC}.Release|Any CPU.ActiveCfg = Release|Any CPU
		{619DF48D-767E-44A1-8246-B036BF6EFCEC}.Release|Any CPU.Build.0 = Release|Any CPU
		{6D529923-8BD8-A736-F823-BEAE6031026E}.Debug|Any CPU.ActiveCfg = Debug|Any CPU
		{6D529923-8BD8-A736-F823-BEAE6031026E}.Debug|Any CPU.Build.0 = Debug|Any CPU
		{6D529923-8BD8-A736-F823-BEAE6031026E}.Release|Any CPU.ActiveCfg = Release|Any CPU
		{6D529923-8BD8-A736-F823-BEAE6031026E}.Release|Any CPU.Build.0 = Release|Any CPU
		{15E5B346-AE28-E533-D2C8-CD68AFDCE065}.Debug|Any CPU.ActiveCfg = Debug|Any CPU
		{15E5B346-AE28-E533-D2C8-CD68AFDCE065}.Debug|Any CPU.Build.0 = Debug|Any CPU
		{15E5B346-AE28-E533-D2C8-CD68AFDCE065}.Release|Any CPU.ActiveCfg = Release|Any CPU
		{15E5B346-AE28-E533-D2C8-CD68AFDCE065}.Release|Any CPU.Build.0 = Release|Any CPU
		{28528950-DCB8-F8D0-B6FC-B5C20325116C}.Debug|Any CPU.ActiveCfg = Debug|Any CPU
		{28528950-DCB8-F8D0-B6FC-B5C20325116C}.Debug|Any CPU.Build.0 = Debug|Any CPU
		{28528950-DCB8-F8D0-B6FC-B5C20325116C}.Release|Any CPU.ActiveCfg = Release|Any CPU
		{28528950-DCB8-F8D0-B6FC-B5C20325116C}.Release|Any CPU.Build.0 = Release|Any CPU
	EndGlobalSection
	GlobalSection(SolutionProperties) = preSolution
		HideSolutionNode = FALSE
	EndGlobalSection
EndGlobal
